// !$*UTF8*$!
{
	archiveVersion = 1;
	classes = {
	};
	objectVersion = 51;
	objects = {

/* Begin PBXBuildFile section */
		4312A10A243DADF20041FA82 /* CheckOutVC.swift in Sources */ = {isa = PBXBuildFile; fileRef = 4312A109243DADF20041FA82 /* CheckOutVC.swift */; };
		4312A10D243DC4890041FA82 /* CheckOutCell.swift in Sources */ = {isa = PBXBuildFile; fileRef = 4312A10B243DC4890041FA82 /* CheckOutCell.swift */; };
		4312A10E243DC4890041FA82 /* CheckOutCell.xib in Resources */ = {isa = PBXBuildFile; fileRef = 4312A10C243DC4890041FA82 /* CheckOutCell.xib */; };
		431AB765242DBD5F002346E7 /* MenuVC.swift in Sources */ = {isa = PBXBuildFile; fileRef = 431AB764242DBD5F002346E7 /* MenuVC.swift */; };
		437BD17E242C87D0003C55C2 /* Poppins-Black.otf in Resources */ = {isa = PBXBuildFile; fileRef = 437BD167242C87BF003C55C2 /* Poppins-Black.otf */; };
		437BD17F242C87D0003C55C2 /* Poppins-BoldItalic.otf in Resources */ = {isa = PBXBuildFile; fileRef = 437BD168242C87C0003C55C2 /* Poppins-BoldItalic.otf */; };
		437BD180242C87D0003C55C2 /* Poppins-ExtraBold.otf in Resources */ = {isa = PBXBuildFile; fileRef = 437BD169242C87C1003C55C2 /* Poppins-ExtraBold.otf */; };
		437BD181242C87D0003C55C2 /* Poppins-ExtraLightItalic.otf in Resources */ = {isa = PBXBuildFile; fileRef = 437BD16A242C87C1003C55C2 /* Poppins-ExtraLightItalic.otf */; };
		437BD182242C87D0003C55C2 /* Poppins-Light.otf in Resources */ = {isa = PBXBuildFile; fileRef = 437BD16B242C87C2003C55C2 /* Poppins-Light.otf */; };
		437BD183242C87D0003C55C2 /* Poppins-Regular.ttf in Resources */ = {isa = PBXBuildFile; fileRef = 437BD16C242C87C3003C55C2 /* Poppins-Regular.ttf */; };
		437BD184242C87D0003C55C2 /* Poppins-Bold.otf in Resources */ = {isa = PBXBuildFile; fileRef = 437BD16D242C87C4003C55C2 /* Poppins-Bold.otf */; };
		437BD185242C87D0003C55C2 /* Poppins-Thin.otf in Resources */ = {isa = PBXBuildFile; fileRef = 437BD16E242C87C4003C55C2 /* Poppins-Thin.otf */; };
		437BD186242C87D0003C55C2 /* Poppins-LightItalic.otf in Resources */ = {isa = PBXBuildFile; fileRef = 437BD16F242C87C5003C55C2 /* Poppins-LightItalic.otf */; };
		437BD187242C87D0003C55C2 /* Poppins-ThinItalic.otf in Resources */ = {isa = PBXBuildFile; fileRef = 437BD170242C87C6003C55C2 /* Poppins-ThinItalic.otf */; };
		437BD188242C87D0003C55C2 /* Poppins-Medium.ttf in Resources */ = {isa = PBXBuildFile; fileRef = 437BD171242C87C7003C55C2 /* Poppins-Medium.ttf */; };
		437BD189242C87D0003C55C2 /* Poppins-ExtraBoldItalic.otf in Resources */ = {isa = PBXBuildFile; fileRef = 437BD172242C87C7003C55C2 /* Poppins-ExtraBoldItalic.otf */; };
		437BD18A242C87D0003C55C2 /* Poppins-Italic.otf in Resources */ = {isa = PBXBuildFile; fileRef = 437BD173242C87C8003C55C2 /* Poppins-Italic.otf */; };
		437BD18B242C87D0003C55C2 /* Poppins-BlackItalic.otf in Resources */ = {isa = PBXBuildFile; fileRef = 437BD174242C87C9003C55C2 /* Poppins-BlackItalic.otf */; };
		437BD18C242C87D0003C55C2 /* Poppins-Medium.otf in Resources */ = {isa = PBXBuildFile; fileRef = 437BD175242C87CA003C55C2 /* Poppins-Medium.otf */; };
		437BD18D242C87D0003C55C2 /* Poppins-SemiBoldItalic.otf in Resources */ = {isa = PBXBuildFile; fileRef = 437BD176242C87CB003C55C2 /* Poppins-SemiBoldItalic.otf */; };
		437BD18E242C87D0003C55C2 /* Poppins-Bold.ttf in Resources */ = {isa = PBXBuildFile; fileRef = 437BD177242C87CC003C55C2 /* Poppins-Bold.ttf */; };
		437BD18F242C87D0003C55C2 /* Poppins-Light.ttf in Resources */ = {isa = PBXBuildFile; fileRef = 437BD178242C87CD003C55C2 /* Poppins-Light.ttf */; };
		437BD190242C87D0003C55C2 /* Poppins-ExtraLight.otf in Resources */ = {isa = PBXBuildFile; fileRef = 437BD179242C87CD003C55C2 /* Poppins-ExtraLight.otf */; };
		437BD191242C87D0003C55C2 /* Poppins-SemiBold.otf in Resources */ = {isa = PBXBuildFile; fileRef = 437BD17A242C87CE003C55C2 /* Poppins-SemiBold.otf */; };
		437BD192242C87D0003C55C2 /* Poppins-SemiBold.ttf in Resources */ = {isa = PBXBuildFile; fileRef = 437BD17B242C87CF003C55C2 /* Poppins-SemiBold.ttf */; };
		437BD193242C87D0003C55C2 /* Poppins-Regular.otf in Resources */ = {isa = PBXBuildFile; fileRef = 437BD17C242C87D0003C55C2 /* Poppins-Regular.otf */; };
		437BD194242C87D0003C55C2 /* Poppins-MediumItalic.otf in Resources */ = {isa = PBXBuildFile; fileRef = 437BD17D242C87D0003C55C2 /* Poppins-MediumItalic.otf */; };
		437BD19A242C8A30003C55C2 /* BasicCell.swift in Sources */ = {isa = PBXBuildFile; fileRef = 437BD195242C8A2D003C55C2 /* BasicCell.swift */; };
		437BD19B242C8A30003C55C2 /* MenuTabsView.swift in Sources */ = {isa = PBXBuildFile; fileRef = 437BD196242C8A2E003C55C2 /* MenuTabsView.swift */; };
		437BD19C242C8A30003C55C2 /* Extensions.swift in Sources */ = {isa = PBXBuildFile; fileRef = 437BD197242C8A2E003C55C2 /* Extensions.swift */; };
		437BD19D242C8A30003C55C2 /* PageControllerVC.swift in Sources */ = {isa = PBXBuildFile; fileRef = 437BD198242C8A2F003C55C2 /* PageControllerVC.swift */; };
		437BD19E242C8A30003C55C2 /* ViewController.swift in Sources */ = {isa = PBXBuildFile; fileRef = 437BD199242C8A2F003C55C2 /* ViewController.swift */; };
		437BD1A1242C8D6B003C55C2 /* ProductDetailVC.swift in Sources */ = {isa = PBXBuildFile; fileRef = 437BD1A0242C8D6B003C55C2 /* ProductDetailVC.swift */; };
		43C1BBD8243B0F210089ED55 /* CartVC.swift in Sources */ = {isa = PBXBuildFile; fileRef = 43C1BBD7243B0F210089ED55 /* CartVC.swift */; };
		43C1BBDB243B0F3C0089ED55 /* CartCell.swift in Sources */ = {isa = PBXBuildFile; fileRef = 43C1BBD9243B0F3C0089ED55 /* CartCell.swift */; };
		43C1BBDC243B0F3C0089ED55 /* CartCell.xib in Resources */ = {isa = PBXBuildFile; fileRef = 43C1BBDA243B0F3C0089ED55 /* CartCell.xib */; };
		CE3A92992418A90D0097B215 /* ShareData.swift in Sources */ = {isa = PBXBuildFile; fileRef = CE3A92982418A90D0097B215 /* ShareData.swift */; };
		CE40BAC6240D225B0034C708 /* ZaraatZalert.swift in Sources */ = {isa = PBXBuildFile; fileRef = CE40BAC5240D225B0034C708 /* ZaraatZalert.swift */; };
		CE49D825240E5FE7009ECFD5 /* CodeVerificationZaraatVC.swift in Sources */ = {isa = PBXBuildFile; fileRef = CE49D824240E5FE6009ECFD5 /* CodeVerificationZaraatVC.swift */; };
		CE49D827240E7682009ECFD5 /* ChangePasswordZaraatVC.swift in Sources */ = {isa = PBXBuildFile; fileRef = CE49D826240E7682009ECFD5 /* ChangePasswordZaraatVC.swift */; };
		CE4A56072510CAFB0060156E /* EditProfileVC.swift in Sources */ = {isa = PBXBuildFile; fileRef = CE4A56062510CAFB0060156E /* EditProfileVC.swift */; };
		CE4B88E2240D17B400DB20FD /* SignUpZaraatVC.swift in Sources */ = {isa = PBXBuildFile; fileRef = CE4B88E1240D17B400DB20FD /* SignUpZaraatVC.swift */; };
		CE4BBF3E2410CD2E000DAAB4 /* TabBarVC.swift in Sources */ = {isa = PBXBuildFile; fileRef = CE4BBF3D2410CD2E000DAAB4 /* TabBarVC.swift */; };
		CE4BBF402410CEF4000DAAB4 /* HomeVC.swift in Sources */ = {isa = PBXBuildFile; fileRef = CE4BBF3F2410CEF4000DAAB4 /* HomeVC.swift */; };
		CE4BBF422410CF12000DAAB4 /* TrendsVC.swift in Sources */ = {isa = PBXBuildFile; fileRef = CE4BBF412410CF12000DAAB4 /* TrendsVC.swift */; };
		CE4BBF442410CF25000DAAB4 /* InboxVC.swift in Sources */ = {isa = PBXBuildFile; fileRef = CE4BBF432410CF25000DAAB4 /* InboxVC.swift */; };
		CE4BBF462410CF37000DAAB4 /* QuoteVC.swift in Sources */ = {isa = PBXBuildFile; fileRef = CE4BBF452410CF37000DAAB4 /* QuoteVC.swift */; };
		CE4BBF482410CF4F000DAAB4 /* CategoriesVC.swift in Sources */ = {isa = PBXBuildFile; fileRef = CE4BBF472410CF4F000DAAB4 /* CategoriesVC.swift */; };
		CE4FA3AF2511FEF800BA0FBE /* MyOrdersTabVC.swift in Sources */ = {isa = PBXBuildFile; fileRef = CE4FA3AE2511FEF800BA0FBE /* MyOrdersTabVC.swift */; };
		CE4FA3B32512016E00BA0FBE /* InprogressVC.swift in Sources */ = {isa = PBXBuildFile; fileRef = CE4FA3B22512016E00BA0FBE /* InprogressVC.swift */; };
		CE4FA3B52512018A00BA0FBE /* ShipmentVC.swift in Sources */ = {isa = PBXBuildFile; fileRef = CE4FA3B42512018A00BA0FBE /* ShipmentVC.swift */; };
		CE4FA3B7251201A100BA0FBE /* RevievedVC.swift in Sources */ = {isa = PBXBuildFile; fileRef = CE4FA3B6251201A100BA0FBE /* RevievedVC.swift */; };
		CE4FA3B9251201B200BA0FBE /* CompletedVC.swift in Sources */ = {isa = PBXBuildFile; fileRef = CE4FA3B8251201B200BA0FBE /* CompletedVC.swift */; };
		CE4FA3BC2512023500BA0FBE /* InprogressCell.swift in Sources */ = {isa = PBXBuildFile; fileRef = CE4FA3BA2512023500BA0FBE /* InprogressCell.swift */; };
		CE4FA3BD2512023500BA0FBE /* InprogressCell.xib in Resources */ = {isa = PBXBuildFile; fileRef = CE4FA3BB2512023500BA0FBE /* InprogressCell.xib */; };
		CE5145AB251DDDE2001BE6AD /* ZMallStoreForYouCell.swift in Sources */ = {isa = PBXBuildFile; fileRef = CE5145AA251DDDE2001BE6AD /* ZMallStoreForYouCell.swift */; };
		CE5145AD251DDE0F001BE6AD /* ZMallClViewStoreForyouCell.swift in Sources */ = {isa = PBXBuildFile; fileRef = CE5145AC251DDE0F001BE6AD /* ZMallClViewStoreForyouCell.swift */; };
		CE5145B2251DDF0C001BE6AD /* ZMallPartOneCell.swift in Sources */ = {isa = PBXBuildFile; fileRef = CE5145B1251DDF0C001BE6AD /* ZMallPartOneCell.swift */; };
		CE5145B4251DDF2A001BE6AD /* ZMallClViewPartOneCell.swift in Sources */ = {isa = PBXBuildFile; fileRef = CE5145B3251DDF2A001BE6AD /* ZMallClViewPartOneCell.swift */; };
		CE5145B6251DDF45001BE6AD /* ZMallClViewPartTwoCell.swift in Sources */ = {isa = PBXBuildFile; fileRef = CE5145B5251DDF45001BE6AD /* ZMallClViewPartTwoCell.swift */; };
		CE5145B8251DDF6C001BE6AD /* ZMallPartTwoCell.swift in Sources */ = {isa = PBXBuildFile; fileRef = CE5145B7251DDF6C001BE6AD /* ZMallPartTwoCell.swift */; };
		CE5145BA251DDFB8001BE6AD /* ZMallAddCell.swift in Sources */ = {isa = PBXBuildFile; fileRef = CE5145B9251DDFB7001BE6AD /* ZMallAddCell.swift */; };
		CE57A61024FF682F00DE9932 /* AppLanguage.swift in Sources */ = {isa = PBXBuildFile; fileRef = CE57A60E24FF682F00DE9932 /* AppLanguage.swift */; };
		CE57A61124FF682F00DE9932 /* AppLanguage.swift in Sources */ = {isa = PBXBuildFile; fileRef = CE57A60E24FF682F00DE9932 /* AppLanguage.swift */; };
		CE57A61224FF682F00DE9932 /* AppLanguage.swift in Sources */ = {isa = PBXBuildFile; fileRef = CE57A60E24FF682F00DE9932 /* AppLanguage.swift */; };
		CE57A61324FF682F00DE9932 /* ZSideMenuManager.swift in Sources */ = {isa = PBXBuildFile; fileRef = CE57A60F24FF682F00DE9932 /* ZSideMenuManager.swift */; };
		CE57A61424FF682F00DE9932 /* ZSideMenuManager.swift in Sources */ = {isa = PBXBuildFile; fileRef = CE57A60F24FF682F00DE9932 /* ZSideMenuManager.swift */; };
		CE57A61524FF682F00DE9932 /* ZSideMenuManager.swift in Sources */ = {isa = PBXBuildFile; fileRef = CE57A60F24FF682F00DE9932 /* ZSideMenuManager.swift */; };
		CE5A78EA2417B6ED00796126 /* Storyboard_Ipad.storyboard in Resources */ = {isa = PBXBuildFile; fileRef = CE5A78E92417B6ED00796126 /* Storyboard_Ipad.storyboard */; };
		CE6E694B240E1C82008730C0 /* ForgotPasswordZaraatVC.swift in Sources */ = {isa = PBXBuildFile; fileRef = CE6E694A240E1C82008730C0 /* ForgotPasswordZaraatVC.swift */; };
		CE70E9C424F8D51500FEEF5D /* FlashSaleCell.swift in Sources */ = {isa = PBXBuildFile; fileRef = CE70E9C224F8D51500FEEF5D /* FlashSaleCell.swift */; };
		CE70E9C524F8D51500FEEF5D /* FlashSaleCell.xib in Resources */ = {isa = PBXBuildFile; fileRef = CE70E9C324F8D51500FEEF5D /* FlashSaleCell.xib */; };
		CE70E9C824F8DA1500FEEF5D /* FlashCellClView.swift in Sources */ = {isa = PBXBuildFile; fileRef = CE70E9C624F8DA1500FEEF5D /* FlashCellClView.swift */; };
		CE70E9C924F8DA1500FEEF5D /* FlashCellClView.xib in Resources */ = {isa = PBXBuildFile; fileRef = CE70E9C724F8DA1500FEEF5D /* FlashCellClView.xib */; };
		CE76D98724FCDCE7005078D6 /* LifeStyleCell.swift in Sources */ = {isa = PBXBuildFile; fileRef = CE76D98524FCDCE7005078D6 /* LifeStyleCell.swift */; };
		CE76D98C24FD0162005078D6 /* WeeklySellerCell.swift in Sources */ = {isa = PBXBuildFile; fileRef = CE76D98A24FD0162005078D6 /* WeeklySellerCell.swift */; };
		CE76D98D24FD0162005078D6 /* WeeklySellerCell.xib in Resources */ = {isa = PBXBuildFile; fileRef = CE76D98B24FD0162005078D6 /* WeeklySellerCell.xib */; };
		CE76D99024FD106D005078D6 /* WeeklyViewAll.swift in Sources */ = {isa = PBXBuildFile; fileRef = CE76D98E24FD106D005078D6 /* WeeklyViewAll.swift */; };
		CE76D99124FD106D005078D6 /* WeeklyViewAll.xib in Resources */ = {isa = PBXBuildFile; fileRef = CE76D98F24FD106D005078D6 /* WeeklyViewAll.xib */; };
		CE76D99524FD17BE005078D6 /* AddsCell.swift in Sources */ = {isa = PBXBuildFile; fileRef = CE76D99324FD17BE005078D6 /* AddsCell.swift */; };
		CE76D99624FD17BE005078D6 /* AddsCell.xib in Resources */ = {isa = PBXBuildFile; fileRef = CE76D99424FD17BE005078D6 /* AddsCell.xib */; };
		CE76D99A24FD1FB6005078D6 /* FeaturedProductsCell.swift in Sources */ = {isa = PBXBuildFile; fileRef = CE76D99824FD1FB6005078D6 /* FeaturedProductsCell.swift */; };
		CE76D99E24FD2139005078D6 /* FeaturedProductsClView.swift in Sources */ = {isa = PBXBuildFile; fileRef = CE76D99C24FD2139005078D6 /* FeaturedProductsClView.swift */; };
		CE78E1F32510E4EC005D6FD9 /* SettingsVC.swift in Sources */ = {isa = PBXBuildFile; fileRef = CE78E1F22510E4EC005D6FD9 /* SettingsVC.swift */; };
		CE78E1F62510ED90005D6FD9 /* SupportVC.swift in Sources */ = {isa = PBXBuildFile; fileRef = CE78E1F52510ED90005D6FD9 /* SupportVC.swift */; };
		CE79764B251B29D7009A9FC0 /* B2BBasicCell.swift in Sources */ = {isa = PBXBuildFile; fileRef = CE797646251B29D7009A9FC0 /* B2BBasicCell.swift */; };
		CE79764C251B29D7009A9FC0 /* B2BBasicCell.swift in Sources */ = {isa = PBXBuildFile; fileRef = CE797646251B29D7009A9FC0 /* B2BBasicCell.swift */; };
		CE79764D251B29D7009A9FC0 /* B2BBasicCell.swift in Sources */ = {isa = PBXBuildFile; fileRef = CE797646251B29D7009A9FC0 /* B2BBasicCell.swift */; };
		CE79764E251B29D7009A9FC0 /* B2BMenuTabsView.swift in Sources */ = {isa = PBXBuildFile; fileRef = CE797647251B29D7009A9FC0 /* B2BMenuTabsView.swift */; };
		CE79764F251B29D7009A9FC0 /* B2BMenuTabsView.swift in Sources */ = {isa = PBXBuildFile; fileRef = CE797647251B29D7009A9FC0 /* B2BMenuTabsView.swift */; };
		CE797650251B29D7009A9FC0 /* B2BMenuTabsView.swift in Sources */ = {isa = PBXBuildFile; fileRef = CE797647251B29D7009A9FC0 /* B2BMenuTabsView.swift */; };
		CE797651251B29D7009A9FC0 /* B2BViewController.swift in Sources */ = {isa = PBXBuildFile; fileRef = CE797648251B29D7009A9FC0 /* B2BViewController.swift */; };
		CE797652251B29D7009A9FC0 /* B2BViewController.swift in Sources */ = {isa = PBXBuildFile; fileRef = CE797648251B29D7009A9FC0 /* B2BViewController.swift */; };
		CE797653251B29D7009A9FC0 /* B2BViewController.swift in Sources */ = {isa = PBXBuildFile; fileRef = CE797648251B29D7009A9FC0 /* B2BViewController.swift */; };
		CE797657251B29D7009A9FC0 /* B2BPageControllerVC.swift in Sources */ = {isa = PBXBuildFile; fileRef = CE79764A251B29D7009A9FC0 /* B2BPageControllerVC.swift */; };
		CE797658251B29D7009A9FC0 /* B2BPageControllerVC.swift in Sources */ = {isa = PBXBuildFile; fileRef = CE79764A251B29D7009A9FC0 /* B2BPageControllerVC.swift */; };
		CE797659251B29D7009A9FC0 /* B2BPageControllerVC.swift in Sources */ = {isa = PBXBuildFile; fileRef = CE79764A251B29D7009A9FC0 /* B2BPageControllerVC.swift */; };
		CE79765C251B2FDA009A9FC0 /* B2BHomeVC.swift in Sources */ = {isa = PBXBuildFile; fileRef = CE79765B251B2FDA009A9FC0 /* B2BHomeVC.swift */; };
		CE79765D251B2FDA009A9FC0 /* B2BHomeVC.swift in Sources */ = {isa = PBXBuildFile; fileRef = CE79765B251B2FDA009A9FC0 /* B2BHomeVC.swift */; };
		CE79765E251B2FDA009A9FC0 /* B2BHomeVC.swift in Sources */ = {isa = PBXBuildFile; fileRef = CE79765B251B2FDA009A9FC0 /* B2BHomeVC.swift */; };
		CE797662251B5FEE009A9FC0 /* ClviewOtherChenlsCell.swift in Sources */ = {isa = PBXBuildFile; fileRef = CE797661251B5FEE009A9FC0 /* ClviewOtherChenlsCell.swift */; };
		CE797663251B5FEE009A9FC0 /* ClviewOtherChenlsCell.swift in Sources */ = {isa = PBXBuildFile; fileRef = CE797661251B5FEE009A9FC0 /* ClviewOtherChenlsCell.swift */; };
		CE797664251B5FEE009A9FC0 /* ClviewOtherChenlsCell.swift in Sources */ = {isa = PBXBuildFile; fileRef = CE797661251B5FEE009A9FC0 /* ClviewOtherChenlsCell.swift */; };
		CE797666251B6031009A9FC0 /* OtherChanelCell.swift in Sources */ = {isa = PBXBuildFile; fileRef = CE797665251B6031009A9FC0 /* OtherChanelCell.swift */; };
		CE797667251B6031009A9FC0 /* OtherChanelCell.swift in Sources */ = {isa = PBXBuildFile; fileRef = CE797665251B6031009A9FC0 /* OtherChanelCell.swift */; };
		CE797668251B6031009A9FC0 /* OtherChanelCell.swift in Sources */ = {isa = PBXBuildFile; fileRef = CE797665251B6031009A9FC0 /* OtherChanelCell.swift */; };
		CE7B6D1B2500FAE100DDDACE /* CategoriesCell.swift in Sources */ = {isa = PBXBuildFile; fileRef = CE7B6D192500FAE100DDDACE /* CategoriesCell.swift */; };
		CE7B6D1C2500FAE100DDDACE /* CategoriesCell.xib in Resources */ = {isa = PBXBuildFile; fileRef = CE7B6D1A2500FAE100DDDACE /* CategoriesCell.xib */; };
		CE820E4F24CB0EA50003B78E /* RestPasswordZaraatVC.swift in Sources */ = {isa = PBXBuildFile; fileRef = CE820E4E24CB0EA50003B78E /* RestPasswordZaraatVC.swift */; };
		CE884BEF251B68E4003626C5 /* ProductsShowcaseCell.swift in Sources */ = {isa = PBXBuildFile; fileRef = CE884BEE251B68E4003626C5 /* ProductsShowcaseCell.swift */; };
		CE884BF1251B68FC003626C5 /* ClViewProductsShowcase.swift in Sources */ = {isa = PBXBuildFile; fileRef = CE884BF0251B68FC003626C5 /* ClViewProductsShowcase.swift */; };
		CE884BF4251B79BF003626C5 /* clViewOneCell.swift in Sources */ = {isa = PBXBuildFile; fileRef = CE884BF3251B79BF003626C5 /* clViewOneCell.swift */; };
		CE884BF6251B79FB003626C5 /* OneCell.swift in Sources */ = {isa = PBXBuildFile; fileRef = CE884BF5251B79FB003626C5 /* OneCell.swift */; };
		CE884BF9251B7A4A003626C5 /* TwoCell.swift in Sources */ = {isa = PBXBuildFile; fileRef = CE884BF8251B7A4A003626C5 /* TwoCell.swift */; };
		CE884BFB251B7A5B003626C5 /* ClViewTwoCell.swift in Sources */ = {isa = PBXBuildFile; fileRef = CE884BFA251B7A5B003626C5 /* ClViewTwoCell.swift */; };
		CE8C9DAB250F660B00973CD1 /* ChatVC.swift in Sources */ = {isa = PBXBuildFile; fileRef = CE8C9DAA250F660B00973CD1 /* ChatVC.swift */; };
		CE8C9DB1250F661500973CD1 /* ReceiverImageCell.swift in Sources */ = {isa = PBXBuildFile; fileRef = CE8C9DAD250F661500973CD1 /* ReceiverImageCell.swift */; };
		CE8C9DB2250F661500973CD1 /* SenderImageCell.swift in Sources */ = {isa = PBXBuildFile; fileRef = CE8C9DAE250F661500973CD1 /* SenderImageCell.swift */; };
		CE8C9DB3250F661500973CD1 /* SenderTextCell.swift in Sources */ = {isa = PBXBuildFile; fileRef = CE8C9DAF250F661500973CD1 /* SenderTextCell.swift */; };
		CE8C9DB4250F661500973CD1 /* RecieverTextCell.swift in Sources */ = {isa = PBXBuildFile; fileRef = CE8C9DB0250F661500973CD1 /* RecieverTextCell.swift */; };
		CE8C9DB6250F895800973CD1 /* ClViewCell.swift in Sources */ = {isa = PBXBuildFile; fileRef = CE8C9DB5250F895800973CD1 /* ClViewCell.swift */; };
		CE94EC712510DB5F00010DA0 /* ViewProfileVC.swift in Sources */ = {isa = PBXBuildFile; fileRef = CE94EC702510DB5F00010DA0 /* ViewProfileVC.swift */; };
		CEAC33B6251C7D49002D2E9C /* B2BProductDetailVC.swift in Sources */ = {isa = PBXBuildFile; fileRef = CEAC33B5251C7D49002D2E9C /* B2BProductDetailVC.swift */; };
		CEAC33B9251CC3F5002D2E9C /* B2BInquireisVC.swift in Sources */ = {isa = PBXBuildFile; fileRef = CEAC33B8251CC3F5002D2E9C /* B2BInquireisVC.swift */; };
		CEAED9C424092A4B0079C3C5 /* AppDelegate.swift in Sources */ = {isa = PBXBuildFile; fileRef = CEAED9C324092A4B0079C3C5 /* AppDelegate.swift */; };
		CEAED9C624092A4B0079C3C5 /* SceneDelegate.swift in Sources */ = {isa = PBXBuildFile; fileRef = CEAED9C524092A4B0079C3C5 /* SceneDelegate.swift */; };
		CEAED9C824092A4B0079C3C5 /* SplashZaraatVC.swift in Sources */ = {isa = PBXBuildFile; fileRef = CEAED9C724092A4B0079C3C5 /* SplashZaraatVC.swift */; };
		CEAED9CB24092A4B0079C3C5 /* Main.storyboard in Resources */ = {isa = PBXBuildFile; fileRef = CEAED9C924092A4B0079C3C5 /* Main.storyboard */; };
		CEAED9CE24092A4B0079C3C5 /* zaraat.xcdatamodeld in Sources */ = {isa = PBXBuildFile; fileRef = CEAED9CC24092A4B0079C3C5 /* zaraat.xcdatamodeld */; };
		CEAED9D024092A4E0079C3C5 /* Assets.xcassets in Resources */ = {isa = PBXBuildFile; fileRef = CEAED9CF24092A4E0079C3C5 /* Assets.xcassets */; };
		CEAED9D324092A4E0079C3C5 /* LaunchScreen.storyboard in Resources */ = {isa = PBXBuildFile; fileRef = CEAED9D124092A4E0079C3C5 /* LaunchScreen.storyboard */; };
		CEAED9DE24092A4E0079C3C5 /* zaraatTests.swift in Sources */ = {isa = PBXBuildFile; fileRef = CEAED9DD24092A4E0079C3C5 /* zaraatTests.swift */; };
		CEAED9E924092A4E0079C3C5 /* zaraatUITests.swift in Sources */ = {isa = PBXBuildFile; fileRef = CEAED9E824092A4E0079C3C5 /* zaraatUITests.swift */; };
		CEAED9F8240938DD0079C3C5 /* LoginZaraatVC.swift in Sources */ = {isa = PBXBuildFile; fileRef = CEAED9F7240938DD0079C3C5 /* LoginZaraatVC.swift */; };
		CEAED9FB240939380079C3C5 /* ZaraatExtenssions.swift in Sources */ = {isa = PBXBuildFile; fileRef = CEAED9FA240939380079C3C5 /* ZaraatExtenssions.swift */; };
		CEAED9FD240939BC0079C3C5 /* ZaraatBaseVC.swift in Sources */ = {isa = PBXBuildFile; fileRef = CEAED9FC240939BC0079C3C5 /* ZaraatBaseVC.swift */; };
		CEB5CA422502572A00137E48 /* SubcategoriesVC.swift in Sources */ = {isa = PBXBuildFile; fileRef = CEB5CA412502572A00137E48 /* SubcategoriesVC.swift */; };
		CEB5CA4525025B8200137E48 /* SubcateGoriesCell.swift in Sources */ = {isa = PBXBuildFile; fileRef = CEB5CA4325025B8200137E48 /* SubcateGoriesCell.swift */; };
		CEB5CA4625025B8200137E48 /* SubcateGoriesCell.xib in Resources */ = {isa = PBXBuildFile; fileRef = CEB5CA4425025B8200137E48 /* SubcateGoriesCell.xib */; };
		CEB5CA4B25025D5500137E48 /* SubCateCellTb.swift in Sources */ = {isa = PBXBuildFile; fileRef = CEB5CA4925025D5500137E48 /* SubCateCellTb.swift */; };
		CEB5CA4C25025D5500137E48 /* SubCateCellTb.xib in Resources */ = {isa = PBXBuildFile; fileRef = CEB5CA4A25025D5500137E48 /* SubCateCellTb.xib */; };
		CEB5CA4F25027F4600137E48 /* ProductListsVC.swift in Sources */ = {isa = PBXBuildFile; fileRef = CEB5CA4E25027F4600137E48 /* ProductListsVC.swift */; };
		CEB5CA5225027F9E00137E48 /* ProductListCell.swift in Sources */ = {isa = PBXBuildFile; fileRef = CEB5CA5025027F9E00137E48 /* ProductListCell.swift */; };
		CEB5CA5325027F9E00137E48 /* ProductListCell.xib in Resources */ = {isa = PBXBuildFile; fileRef = CEB5CA5125027F9E00137E48 /* ProductListCell.xib */; };
		CEBBE01324FE755400190E91 /* MenuCell.swift in Sources */ = {isa = PBXBuildFile; fileRef = CEBBE01124FE755400190E91 /* MenuCell.swift */; };
		CEBBE01424FE755400190E91 /* MenuCell.xib in Resources */ = {isa = PBXBuildFile; fileRef = CEBBE01224FE755400190E91 /* MenuCell.xib */; };
		CEBE3293251CD6590082E67F /* ZMallVC.swift in Sources */ = {isa = PBXBuildFile; fileRef = CEBE3292251CD6590082E67F /* ZMallVC.swift */; };
		CEEB1E50241A65410069104B /* SliderCLCell.swift in Sources */ = {isa = PBXBuildFile; fileRef = CEEB1E4E241A65410069104B /* SliderCLCell.swift */; };
		CEEB1E51241A65410069104B /* SliderCLCell.xib in Resources */ = {isa = PBXBuildFile; fileRef = CEEB1E4F241A65410069104B /* SliderCLCell.xib */; };
		CEEB1E54241A66220069104B /* TablCLViewCell.swift in Sources */ = {isa = PBXBuildFile; fileRef = CEEB1E52241A66220069104B /* TablCLViewCell.swift */; };
		CEEB1E55241A66220069104B /* TablCLViewCell.xib in Resources */ = {isa = PBXBuildFile; fileRef = CEEB1E53241A66220069104B /* TablCLViewCell.xib */; };
		CEEC5072250F5DAE001A774C /* ChatCell.swift in Sources */ = {isa = PBXBuildFile; fileRef = CEEC5070250F5DAE001A774C /* ChatCell.swift */; };
		CEEC5073250F5DAE001A774C /* ChatCell.xib in Resources */ = {isa = PBXBuildFile; fileRef = CEEC5071250F5DAE001A774C /* ChatCell.xib */; };
		CEFBF1F224F90D4F003C1727 /* topRatedClView.swift in Sources */ = {isa = PBXBuildFile; fileRef = CEFBF1F024F90D4F003C1727 /* topRatedClView.swift */; };
		CEFBF1F324F90D4F003C1727 /* topRatedClView.xib in Resources */ = {isa = PBXBuildFile; fileRef = CEFBF1F124F90D4F003C1727 /* topRatedClView.xib */; };
		CEFBF1F624F90D65003C1727 /* topRatedCell.swift in Sources */ = {isa = PBXBuildFile; fileRef = CEFBF1F424F90D65003C1727 /* topRatedCell.swift */; };
		CEFBF1F724F90D65003C1727 /* topRatedCell.xib in Resources */ = {isa = PBXBuildFile; fileRef = CEFBF1F524F90D65003C1727 /* topRatedCell.xib */; };
		F7279CB6D640ABF6AC6713BE /* Pods_zaraat.framework in Frameworks */ = {isa = PBXBuildFile; fileRef = CC92B668E9DF10CCB85775E2 /* Pods_zaraat.framework */; };
/* End PBXBuildFile section */

/* Begin PBXContainerItemProxy section */
		CEAED9DA24092A4E0079C3C5 /* PBXContainerItemProxy */ = {
			isa = PBXContainerItemProxy;
			containerPortal = CEAED9B824092A4B0079C3C5 /* Project object */;
			proxyType = 1;
			remoteGlobalIDString = CEAED9BF24092A4B0079C3C5;
			remoteInfo = zaraat;
		};
		CEAED9E524092A4E0079C3C5 /* PBXContainerItemProxy */ = {
			isa = PBXContainerItemProxy;
			containerPortal = CEAED9B824092A4B0079C3C5 /* Project object */;
			proxyType = 1;
			remoteGlobalIDString = CEAED9BF24092A4B0079C3C5;
			remoteInfo = zaraat;
		};
/* End PBXContainerItemProxy section */

/* Begin PBXFileReference section */
		4312A109243DADF20041FA82 /* CheckOutVC.swift */ = {isa = PBXFileReference; lastKnownFileType = sourcecode.swift; path = CheckOutVC.swift; sourceTree = "<group>"; };
		4312A10B243DC4890041FA82 /* CheckOutCell.swift */ = {isa = PBXFileReference; lastKnownFileType = sourcecode.swift; path = CheckOutCell.swift; sourceTree = "<group>"; };
		4312A10C243DC4890041FA82 /* CheckOutCell.xib */ = {isa = PBXFileReference; lastKnownFileType = file.xib; path = CheckOutCell.xib; sourceTree = "<group>"; };
		431AB764242DBD5F002346E7 /* MenuVC.swift */ = {isa = PBXFileReference; lastKnownFileType = sourcecode.swift; path = MenuVC.swift; sourceTree = "<group>"; };
		437BD167242C87BF003C55C2 /* Poppins-Black.otf */ = {isa = PBXFileReference; lastKnownFileType = file; path = "Poppins-Black.otf"; sourceTree = "<group>"; };
		437BD168242C87C0003C55C2 /* Poppins-BoldItalic.otf */ = {isa = PBXFileReference; lastKnownFileType = file; path = "Poppins-BoldItalic.otf"; sourceTree = "<group>"; };
		437BD169242C87C1003C55C2 /* Poppins-ExtraBold.otf */ = {isa = PBXFileReference; lastKnownFileType = file; path = "Poppins-ExtraBold.otf"; sourceTree = "<group>"; };
		437BD16A242C87C1003C55C2 /* Poppins-ExtraLightItalic.otf */ = {isa = PBXFileReference; lastKnownFileType = file; path = "Poppins-ExtraLightItalic.otf"; sourceTree = "<group>"; };
		437BD16B242C87C2003C55C2 /* Poppins-Light.otf */ = {isa = PBXFileReference; lastKnownFileType = file; path = "Poppins-Light.otf"; sourceTree = "<group>"; };
		437BD16C242C87C3003C55C2 /* Poppins-Regular.ttf */ = {isa = PBXFileReference; lastKnownFileType = file; path = "Poppins-Regular.ttf"; sourceTree = "<group>"; };
		437BD16D242C87C4003C55C2 /* Poppins-Bold.otf */ = {isa = PBXFileReference; lastKnownFileType = file; path = "Poppins-Bold.otf"; sourceTree = "<group>"; };
		437BD16E242C87C4003C55C2 /* Poppins-Thin.otf */ = {isa = PBXFileReference; lastKnownFileType = file; path = "Poppins-Thin.otf"; sourceTree = "<group>"; };
		437BD16F242C87C5003C55C2 /* Poppins-LightItalic.otf */ = {isa = PBXFileReference; lastKnownFileType = file; path = "Poppins-LightItalic.otf"; sourceTree = "<group>"; };
		437BD170242C87C6003C55C2 /* Poppins-ThinItalic.otf */ = {isa = PBXFileReference; lastKnownFileType = file; path = "Poppins-ThinItalic.otf"; sourceTree = "<group>"; };
		437BD171242C87C7003C55C2 /* Poppins-Medium.ttf */ = {isa = PBXFileReference; lastKnownFileType = file; path = "Poppins-Medium.ttf"; sourceTree = "<group>"; };
		437BD172242C87C7003C55C2 /* Poppins-ExtraBoldItalic.otf */ = {isa = PBXFileReference; lastKnownFileType = file; path = "Poppins-ExtraBoldItalic.otf"; sourceTree = "<group>"; };
		437BD173242C87C8003C55C2 /* Poppins-Italic.otf */ = {isa = PBXFileReference; lastKnownFileType = file; path = "Poppins-Italic.otf"; sourceTree = "<group>"; };
		437BD174242C87C9003C55C2 /* Poppins-BlackItalic.otf */ = {isa = PBXFileReference; lastKnownFileType = file; path = "Poppins-BlackItalic.otf"; sourceTree = "<group>"; };
		437BD175242C87CA003C55C2 /* Poppins-Medium.otf */ = {isa = PBXFileReference; lastKnownFileType = file; path = "Poppins-Medium.otf"; sourceTree = "<group>"; };
		437BD176242C87CB003C55C2 /* Poppins-SemiBoldItalic.otf */ = {isa = PBXFileReference; lastKnownFileType = file; path = "Poppins-SemiBoldItalic.otf"; sourceTree = "<group>"; };
		437BD177242C87CC003C55C2 /* Poppins-Bold.ttf */ = {isa = PBXFileReference; lastKnownFileType = file; path = "Poppins-Bold.ttf"; sourceTree = "<group>"; };
		437BD178242C87CD003C55C2 /* Poppins-Light.ttf */ = {isa = PBXFileReference; lastKnownFileType = file; path = "Poppins-Light.ttf"; sourceTree = "<group>"; };
		437BD179242C87CD003C55C2 /* Poppins-ExtraLight.otf */ = {isa = PBXFileReference; lastKnownFileType = file; path = "Poppins-ExtraLight.otf"; sourceTree = "<group>"; };
		437BD17A242C87CE003C55C2 /* Poppins-SemiBold.otf */ = {isa = PBXFileReference; lastKnownFileType = file; path = "Poppins-SemiBold.otf"; sourceTree = "<group>"; };
		437BD17B242C87CF003C55C2 /* Poppins-SemiBold.ttf */ = {isa = PBXFileReference; lastKnownFileType = file; path = "Poppins-SemiBold.ttf"; sourceTree = "<group>"; };
		437BD17C242C87D0003C55C2 /* Poppins-Regular.otf */ = {isa = PBXFileReference; lastKnownFileType = file; path = "Poppins-Regular.otf"; sourceTree = "<group>"; };
		437BD17D242C87D0003C55C2 /* Poppins-MediumItalic.otf */ = {isa = PBXFileReference; lastKnownFileType = file; path = "Poppins-MediumItalic.otf"; sourceTree = "<group>"; };
		437BD195242C8A2D003C55C2 /* BasicCell.swift */ = {isa = PBXFileReference; fileEncoding = 4; lastKnownFileType = sourcecode.swift; path = BasicCell.swift; sourceTree = "<group>"; };
		437BD196242C8A2E003C55C2 /* MenuTabsView.swift */ = {isa = PBXFileReference; fileEncoding = 4; lastKnownFileType = sourcecode.swift; path = MenuTabsView.swift; sourceTree = "<group>"; };
		437BD197242C8A2E003C55C2 /* Extensions.swift */ = {isa = PBXFileReference; fileEncoding = 4; lastKnownFileType = sourcecode.swift; path = Extensions.swift; sourceTree = "<group>"; };
		437BD198242C8A2F003C55C2 /* PageControllerVC.swift */ = {isa = PBXFileReference; fileEncoding = 4; lastKnownFileType = sourcecode.swift; path = PageControllerVC.swift; sourceTree = "<group>"; };
		437BD199242C8A2F003C55C2 /* ViewController.swift */ = {isa = PBXFileReference; fileEncoding = 4; lastKnownFileType = sourcecode.swift; path = ViewController.swift; sourceTree = "<group>"; };
		437BD1A0242C8D6B003C55C2 /* ProductDetailVC.swift */ = {isa = PBXFileReference; lastKnownFileType = sourcecode.swift; path = ProductDetailVC.swift; sourceTree = "<group>"; };
		43C1BBD7243B0F210089ED55 /* CartVC.swift */ = {isa = PBXFileReference; lastKnownFileType = sourcecode.swift; path = CartVC.swift; sourceTree = "<group>"; };
		43C1BBD9243B0F3C0089ED55 /* CartCell.swift */ = {isa = PBXFileReference; lastKnownFileType = sourcecode.swift; path = CartCell.swift; sourceTree = "<group>"; };
		43C1BBDA243B0F3C0089ED55 /* CartCell.xib */ = {isa = PBXFileReference; lastKnownFileType = file.xib; path = CartCell.xib; sourceTree = "<group>"; };
		83C9CFB6051A03AF819C6098 /* Pods-zaraat.release.xcconfig */ = {isa = PBXFileReference; includeInIndex = 1; lastKnownFileType = text.xcconfig; name = "Pods-zaraat.release.xcconfig"; path = "Target Support Files/Pods-zaraat/Pods-zaraat.release.xcconfig"; sourceTree = "<group>"; };
		8530F165E031F68218795376 /* Pods-zaraat.debug.xcconfig */ = {isa = PBXFileReference; includeInIndex = 1; lastKnownFileType = text.xcconfig; name = "Pods-zaraat.debug.xcconfig"; path = "Target Support Files/Pods-zaraat/Pods-zaraat.debug.xcconfig"; sourceTree = "<group>"; };
		CC92B668E9DF10CCB85775E2 /* Pods_zaraat.framework */ = {isa = PBXFileReference; explicitFileType = wrapper.framework; includeInIndex = 0; path = Pods_zaraat.framework; sourceTree = BUILT_PRODUCTS_DIR; };
		CE3A92982418A90D0097B215 /* ShareData.swift */ = {isa = PBXFileReference; lastKnownFileType = sourcecode.swift; path = ShareData.swift; sourceTree = "<group>"; };
		CE40BAC5240D225B0034C708 /* ZaraatZalert.swift */ = {isa = PBXFileReference; lastKnownFileType = sourcecode.swift; path = ZaraatZalert.swift; sourceTree = "<group>"; };
		CE49D824240E5FE6009ECFD5 /* CodeVerificationZaraatVC.swift */ = {isa = PBXFileReference; lastKnownFileType = sourcecode.swift; path = CodeVerificationZaraatVC.swift; sourceTree = "<group>"; };
		CE49D826240E7682009ECFD5 /* ChangePasswordZaraatVC.swift */ = {isa = PBXFileReference; lastKnownFileType = sourcecode.swift; path = ChangePasswordZaraatVC.swift; sourceTree = "<group>"; };
		CE4A56062510CAFB0060156E /* EditProfileVC.swift */ = {isa = PBXFileReference; lastKnownFileType = sourcecode.swift; path = EditProfileVC.swift; sourceTree = "<group>"; };
		CE4B88E1240D17B400DB20FD /* SignUpZaraatVC.swift */ = {isa = PBXFileReference; lastKnownFileType = sourcecode.swift; path = SignUpZaraatVC.swift; sourceTree = "<group>"; };
		CE4BBF3D2410CD2E000DAAB4 /* TabBarVC.swift */ = {isa = PBXFileReference; lastKnownFileType = sourcecode.swift; path = TabBarVC.swift; sourceTree = "<group>"; };
		CE4BBF3F2410CEF4000DAAB4 /* HomeVC.swift */ = {isa = PBXFileReference; lastKnownFileType = sourcecode.swift; path = HomeVC.swift; sourceTree = "<group>"; };
		CE4BBF412410CF12000DAAB4 /* TrendsVC.swift */ = {isa = PBXFileReference; lastKnownFileType = sourcecode.swift; path = TrendsVC.swift; sourceTree = "<group>"; };
		CE4BBF432410CF25000DAAB4 /* InboxVC.swift */ = {isa = PBXFileReference; lastKnownFileType = sourcecode.swift; path = InboxVC.swift; sourceTree = "<group>"; };
		CE4BBF452410CF37000DAAB4 /* QuoteVC.swift */ = {isa = PBXFileReference; lastKnownFileType = sourcecode.swift; path = QuoteVC.swift; sourceTree = "<group>"; };
		CE4BBF472410CF4F000DAAB4 /* CategoriesVC.swift */ = {isa = PBXFileReference; lastKnownFileType = sourcecode.swift; path = CategoriesVC.swift; sourceTree = "<group>"; };
		CE4FA3AE2511FEF800BA0FBE /* MyOrdersTabVC.swift */ = {isa = PBXFileReference; lastKnownFileType = sourcecode.swift; path = MyOrdersTabVC.swift; sourceTree = "<group>"; };
		CE4FA3B22512016E00BA0FBE /* InprogressVC.swift */ = {isa = PBXFileReference; lastKnownFileType = sourcecode.swift; path = InprogressVC.swift; sourceTree = "<group>"; };
		CE4FA3B42512018A00BA0FBE /* ShipmentVC.swift */ = {isa = PBXFileReference; lastKnownFileType = sourcecode.swift; path = ShipmentVC.swift; sourceTree = "<group>"; };
		CE4FA3B6251201A100BA0FBE /* RevievedVC.swift */ = {isa = PBXFileReference; lastKnownFileType = sourcecode.swift; path = RevievedVC.swift; sourceTree = "<group>"; };
		CE4FA3B8251201B200BA0FBE /* CompletedVC.swift */ = {isa = PBXFileReference; lastKnownFileType = sourcecode.swift; path = CompletedVC.swift; sourceTree = "<group>"; };
		CE4FA3BA2512023500BA0FBE /* InprogressCell.swift */ = {isa = PBXFileReference; lastKnownFileType = sourcecode.swift; path = InprogressCell.swift; sourceTree = "<group>"; };
		CE4FA3BB2512023500BA0FBE /* InprogressCell.xib */ = {isa = PBXFileReference; lastKnownFileType = file.xib; path = InprogressCell.xib; sourceTree = "<group>"; };
		CE5145AA251DDDE2001BE6AD /* ZMallStoreForYouCell.swift */ = {isa = PBXFileReference; lastKnownFileType = sourcecode.swift; path = ZMallStoreForYouCell.swift; sourceTree = "<group>"; };
		CE5145AC251DDE0F001BE6AD /* ZMallClViewStoreForyouCell.swift */ = {isa = PBXFileReference; lastKnownFileType = sourcecode.swift; path = ZMallClViewStoreForyouCell.swift; sourceTree = "<group>"; };
		CE5145B1251DDF0C001BE6AD /* ZMallPartOneCell.swift */ = {isa = PBXFileReference; lastKnownFileType = sourcecode.swift; path = ZMallPartOneCell.swift; sourceTree = "<group>"; };
		CE5145B3251DDF2A001BE6AD /* ZMallClViewPartOneCell.swift */ = {isa = PBXFileReference; lastKnownFileType = sourcecode.swift; path = ZMallClViewPartOneCell.swift; sourceTree = "<group>"; };
		CE5145B5251DDF45001BE6AD /* ZMallClViewPartTwoCell.swift */ = {isa = PBXFileReference; lastKnownFileType = sourcecode.swift; path = ZMallClViewPartTwoCell.swift; sourceTree = "<group>"; };
		CE5145B7251DDF6C001BE6AD /* ZMallPartTwoCell.swift */ = {isa = PBXFileReference; lastKnownFileType = sourcecode.swift; path = ZMallPartTwoCell.swift; sourceTree = "<group>"; };
		CE5145B9251DDFB7001BE6AD /* ZMallAddCell.swift */ = {isa = PBXFileReference; lastKnownFileType = sourcecode.swift; path = ZMallAddCell.swift; sourceTree = "<group>"; };
		CE57A60E24FF682F00DE9932 /* AppLanguage.swift */ = {isa = PBXFileReference; fileEncoding = 4; lastKnownFileType = sourcecode.swift; path = AppLanguage.swift; sourceTree = "<group>"; };
		CE57A60F24FF682F00DE9932 /* ZSideMenuManager.swift */ = {isa = PBXFileReference; fileEncoding = 4; lastKnownFileType = sourcecode.swift; path = ZSideMenuManager.swift; sourceTree = "<group>"; };
		CE5A78E92417B6ED00796126 /* Storyboard_Ipad.storyboard */ = {isa = PBXFileReference; lastKnownFileType = file.storyboard; path = Storyboard_Ipad.storyboard; sourceTree = "<group>"; };
		CE6E694A240E1C82008730C0 /* ForgotPasswordZaraatVC.swift */ = {isa = PBXFileReference; lastKnownFileType = sourcecode.swift; path = ForgotPasswordZaraatVC.swift; sourceTree = "<group>"; };
		CE70E9C224F8D51500FEEF5D /* FlashSaleCell.swift */ = {isa = PBXFileReference; lastKnownFileType = sourcecode.swift; path = FlashSaleCell.swift; sourceTree = "<group>"; };
		CE70E9C324F8D51500FEEF5D /* FlashSaleCell.xib */ = {isa = PBXFileReference; lastKnownFileType = file.xib; path = FlashSaleCell.xib; sourceTree = "<group>"; };
		CE70E9C624F8DA1500FEEF5D /* FlashCellClView.swift */ = {isa = PBXFileReference; lastKnownFileType = sourcecode.swift; path = FlashCellClView.swift; sourceTree = "<group>"; };
		CE70E9C724F8DA1500FEEF5D /* FlashCellClView.xib */ = {isa = PBXFileReference; lastKnownFileType = file.xib; path = FlashCellClView.xib; sourceTree = "<group>"; };
		CE76D98524FCDCE7005078D6 /* LifeStyleCell.swift */ = {isa = PBXFileReference; lastKnownFileType = sourcecode.swift; path = LifeStyleCell.swift; sourceTree = "<group>"; };
		CE76D98A24FD0162005078D6 /* WeeklySellerCell.swift */ = {isa = PBXFileReference; lastKnownFileType = sourcecode.swift; path = WeeklySellerCell.swift; sourceTree = "<group>"; };
		CE76D98B24FD0162005078D6 /* WeeklySellerCell.xib */ = {isa = PBXFileReference; lastKnownFileType = file.xib; path = WeeklySellerCell.xib; sourceTree = "<group>"; };
		CE76D98E24FD106D005078D6 /* WeeklyViewAll.swift */ = {isa = PBXFileReference; lastKnownFileType = sourcecode.swift; path = WeeklyViewAll.swift; sourceTree = "<group>"; };
		CE76D98F24FD106D005078D6 /* WeeklyViewAll.xib */ = {isa = PBXFileReference; lastKnownFileType = file.xib; path = WeeklyViewAll.xib; sourceTree = "<group>"; };
		CE76D99324FD17BE005078D6 /* AddsCell.swift */ = {isa = PBXFileReference; lastKnownFileType = sourcecode.swift; path = AddsCell.swift; sourceTree = "<group>"; };
		CE76D99424FD17BE005078D6 /* AddsCell.xib */ = {isa = PBXFileReference; lastKnownFileType = file.xib; path = AddsCell.xib; sourceTree = "<group>"; };
		CE76D99824FD1FB6005078D6 /* FeaturedProductsCell.swift */ = {isa = PBXFileReference; lastKnownFileType = sourcecode.swift; path = FeaturedProductsCell.swift; sourceTree = "<group>"; };
		CE76D99C24FD2139005078D6 /* FeaturedProductsClView.swift */ = {isa = PBXFileReference; lastKnownFileType = sourcecode.swift; path = FeaturedProductsClView.swift; sourceTree = "<group>"; };
		CE78E1F22510E4EC005D6FD9 /* SettingsVC.swift */ = {isa = PBXFileReference; lastKnownFileType = sourcecode.swift; path = SettingsVC.swift; sourceTree = "<group>"; };
		CE78E1F52510ED90005D6FD9 /* SupportVC.swift */ = {isa = PBXFileReference; lastKnownFileType = sourcecode.swift; path = SupportVC.swift; sourceTree = "<group>"; };
		CE797646251B29D7009A9FC0 /* B2BBasicCell.swift */ = {isa = PBXFileReference; fileEncoding = 4; lastKnownFileType = sourcecode.swift; path = B2BBasicCell.swift; sourceTree = "<group>"; };
		CE797647251B29D7009A9FC0 /* B2BMenuTabsView.swift */ = {isa = PBXFileReference; fileEncoding = 4; lastKnownFileType = sourcecode.swift; path = B2BMenuTabsView.swift; sourceTree = "<group>"; };
		CE797648251B29D7009A9FC0 /* B2BViewController.swift */ = {isa = PBXFileReference; fileEncoding = 4; lastKnownFileType = sourcecode.swift; path = B2BViewController.swift; sourceTree = "<group>"; };
		CE79764A251B29D7009A9FC0 /* B2BPageControllerVC.swift */ = {isa = PBXFileReference; fileEncoding = 4; lastKnownFileType = sourcecode.swift; path = B2BPageControllerVC.swift; sourceTree = "<group>"; };
		CE79765B251B2FDA009A9FC0 /* B2BHomeVC.swift */ = {isa = PBXFileReference; lastKnownFileType = sourcecode.swift; path = B2BHomeVC.swift; sourceTree = "<group>"; };
		CE797661251B5FEE009A9FC0 /* ClviewOtherChenlsCell.swift */ = {isa = PBXFileReference; lastKnownFileType = sourcecode.swift; path = ClviewOtherChenlsCell.swift; sourceTree = "<group>"; };
		CE797665251B6031009A9FC0 /* OtherChanelCell.swift */ = {isa = PBXFileReference; lastKnownFileType = sourcecode.swift; path = OtherChanelCell.swift; sourceTree = "<group>"; };
		CE7B6D192500FAE100DDDACE /* CategoriesCell.swift */ = {isa = PBXFileReference; lastKnownFileType = sourcecode.swift; path = CategoriesCell.swift; sourceTree = "<group>"; };
		CE7B6D1A2500FAE100DDDACE /* CategoriesCell.xib */ = {isa = PBXFileReference; lastKnownFileType = file.xib; path = CategoriesCell.xib; sourceTree = "<group>"; };
		CE820E4E24CB0EA50003B78E /* RestPasswordZaraatVC.swift */ = {isa = PBXFileReference; lastKnownFileType = sourcecode.swift; path = RestPasswordZaraatVC.swift; sourceTree = "<group>"; };
		CE884BEE251B68E4003626C5 /* ProductsShowcaseCell.swift */ = {isa = PBXFileReference; lastKnownFileType = sourcecode.swift; path = ProductsShowcaseCell.swift; sourceTree = "<group>"; };
		CE884BF0251B68FC003626C5 /* ClViewProductsShowcase.swift */ = {isa = PBXFileReference; lastKnownFileType = sourcecode.swift; path = ClViewProductsShowcase.swift; sourceTree = "<group>"; };
		CE884BF3251B79BF003626C5 /* clViewOneCell.swift */ = {isa = PBXFileReference; lastKnownFileType = sourcecode.swift; path = clViewOneCell.swift; sourceTree = "<group>"; };
		CE884BF5251B79FB003626C5 /* OneCell.swift */ = {isa = PBXFileReference; lastKnownFileType = sourcecode.swift; path = OneCell.swift; sourceTree = "<group>"; };
		CE884BF8251B7A4A003626C5 /* TwoCell.swift */ = {isa = PBXFileReference; lastKnownFileType = sourcecode.swift; path = TwoCell.swift; sourceTree = "<group>"; };
		CE884BFA251B7A5B003626C5 /* ClViewTwoCell.swift */ = {isa = PBXFileReference; lastKnownFileType = sourcecode.swift; path = ClViewTwoCell.swift; sourceTree = "<group>"; };
		CE8C9DAA250F660B00973CD1 /* ChatVC.swift */ = {isa = PBXFileReference; fileEncoding = 4; lastKnownFileType = sourcecode.swift; path = ChatVC.swift; sourceTree = "<group>"; };
		CE8C9DAD250F661500973CD1 /* ReceiverImageCell.swift */ = {isa = PBXFileReference; fileEncoding = 4; lastKnownFileType = sourcecode.swift; path = ReceiverImageCell.swift; sourceTree = "<group>"; };
		CE8C9DAE250F661500973CD1 /* SenderImageCell.swift */ = {isa = PBXFileReference; fileEncoding = 4; lastKnownFileType = sourcecode.swift; path = SenderImageCell.swift; sourceTree = "<group>"; };
		CE8C9DAF250F661500973CD1 /* SenderTextCell.swift */ = {isa = PBXFileReference; fileEncoding = 4; lastKnownFileType = sourcecode.swift; path = SenderTextCell.swift; sourceTree = "<group>"; };
		CE8C9DB0250F661500973CD1 /* RecieverTextCell.swift */ = {isa = PBXFileReference; fileEncoding = 4; lastKnownFileType = sourcecode.swift; path = RecieverTextCell.swift; sourceTree = "<group>"; };
		CE8C9DB5250F895800973CD1 /* ClViewCell.swift */ = {isa = PBXFileReference; lastKnownFileType = sourcecode.swift; path = ClViewCell.swift; sourceTree = "<group>"; };
		CE94EC702510DB5F00010DA0 /* ViewProfileVC.swift */ = {isa = PBXFileReference; lastKnownFileType = sourcecode.swift; path = ViewProfileVC.swift; sourceTree = "<group>"; };
		CEAC33B5251C7D49002D2E9C /* B2BProductDetailVC.swift */ = {isa = PBXFileReference; lastKnownFileType = sourcecode.swift; path = B2BProductDetailVC.swift; sourceTree = "<group>"; };
		CEAC33B8251CC3F5002D2E9C /* B2BInquireisVC.swift */ = {isa = PBXFileReference; lastKnownFileType = sourcecode.swift; path = B2BInquireisVC.swift; sourceTree = "<group>"; };
		CEAED9C024092A4B0079C3C5 /* zaraat.app */ = {isa = PBXFileReference; explicitFileType = wrapper.application; includeInIndex = 0; path = zaraat.app; sourceTree = BUILT_PRODUCTS_DIR; };
		CEAED9C324092A4B0079C3C5 /* AppDelegate.swift */ = {isa = PBXFileReference; lastKnownFileType = sourcecode.swift; path = AppDelegate.swift; sourceTree = "<group>"; };
		CEAED9C524092A4B0079C3C5 /* SceneDelegate.swift */ = {isa = PBXFileReference; lastKnownFileType = sourcecode.swift; path = SceneDelegate.swift; sourceTree = "<group>"; };
		CEAED9C724092A4B0079C3C5 /* SplashZaraatVC.swift */ = {isa = PBXFileReference; lastKnownFileType = sourcecode.swift; path = SplashZaraatVC.swift; sourceTree = "<group>"; };
		CEAED9CA24092A4B0079C3C5 /* Base */ = {isa = PBXFileReference; lastKnownFileType = file.storyboard; name = Base; path = Base.lproj/Main.storyboard; sourceTree = "<group>"; };
		CEAED9CD24092A4B0079C3C5 /* zaraat.xcdatamodel */ = {isa = PBXFileReference; lastKnownFileType = wrapper.xcdatamodel; path = zaraat.xcdatamodel; sourceTree = "<group>"; };
		CEAED9CF24092A4E0079C3C5 /* Assets.xcassets */ = {isa = PBXFileReference; lastKnownFileType = folder.assetcatalog; path = Assets.xcassets; sourceTree = "<group>"; };
		CEAED9D224092A4E0079C3C5 /* Base */ = {isa = PBXFileReference; lastKnownFileType = file.storyboard; name = Base; path = Base.lproj/LaunchScreen.storyboard; sourceTree = "<group>"; };
		CEAED9D424092A4E0079C3C5 /* Info.plist */ = {isa = PBXFileReference; lastKnownFileType = text.plist.xml; path = Info.plist; sourceTree = "<group>"; };
		CEAED9D924092A4E0079C3C5 /* zaraatTests.xctest */ = {isa = PBXFileReference; explicitFileType = wrapper.cfbundle; includeInIndex = 0; path = zaraatTests.xctest; sourceTree = BUILT_PRODUCTS_DIR; };
		CEAED9DD24092A4E0079C3C5 /* zaraatTests.swift */ = {isa = PBXFileReference; lastKnownFileType = sourcecode.swift; path = zaraatTests.swift; sourceTree = "<group>"; };
		CEAED9DF24092A4E0079C3C5 /* Info.plist */ = {isa = PBXFileReference; lastKnownFileType = text.plist.xml; path = Info.plist; sourceTree = "<group>"; };
		CEAED9E424092A4E0079C3C5 /* zaraatUITests.xctest */ = {isa = PBXFileReference; explicitFileType = wrapper.cfbundle; includeInIndex = 0; path = zaraatUITests.xctest; sourceTree = BUILT_PRODUCTS_DIR; };
		CEAED9E824092A4E0079C3C5 /* zaraatUITests.swift */ = {isa = PBXFileReference; lastKnownFileType = sourcecode.swift; path = zaraatUITests.swift; sourceTree = "<group>"; };
		CEAED9EA24092A4E0079C3C5 /* Info.plist */ = {isa = PBXFileReference; lastKnownFileType = text.plist.xml; path = Info.plist; sourceTree = "<group>"; };
		CEAED9F7240938DD0079C3C5 /* LoginZaraatVC.swift */ = {isa = PBXFileReference; lastKnownFileType = sourcecode.swift; path = LoginZaraatVC.swift; sourceTree = "<group>"; };
		CEAED9FA240939380079C3C5 /* ZaraatExtenssions.swift */ = {isa = PBXFileReference; lastKnownFileType = sourcecode.swift; path = ZaraatExtenssions.swift; sourceTree = "<group>"; };
		CEAED9FC240939BC0079C3C5 /* ZaraatBaseVC.swift */ = {isa = PBXFileReference; lastKnownFileType = sourcecode.swift; path = ZaraatBaseVC.swift; sourceTree = "<group>"; };
		CEB5CA412502572A00137E48 /* SubcategoriesVC.swift */ = {isa = PBXFileReference; lastKnownFileType = sourcecode.swift; path = SubcategoriesVC.swift; sourceTree = "<group>"; };
		CEB5CA4325025B8200137E48 /* SubcateGoriesCell.swift */ = {isa = PBXFileReference; lastKnownFileType = sourcecode.swift; path = SubcateGoriesCell.swift; sourceTree = "<group>"; };
		CEB5CA4425025B8200137E48 /* SubcateGoriesCell.xib */ = {isa = PBXFileReference; lastKnownFileType = file.xib; path = SubcateGoriesCell.xib; sourceTree = "<group>"; };
		CEB5CA4925025D5500137E48 /* SubCateCellTb.swift */ = {isa = PBXFileReference; lastKnownFileType = sourcecode.swift; path = SubCateCellTb.swift; sourceTree = "<group>"; };
		CEB5CA4A25025D5500137E48 /* SubCateCellTb.xib */ = {isa = PBXFileReference; lastKnownFileType = file.xib; path = SubCateCellTb.xib; sourceTree = "<group>"; };
		CEB5CA4E25027F4600137E48 /* ProductListsVC.swift */ = {isa = PBXFileReference; lastKnownFileType = sourcecode.swift; path = ProductListsVC.swift; sourceTree = "<group>"; };
		CEB5CA5025027F9E00137E48 /* ProductListCell.swift */ = {isa = PBXFileReference; lastKnownFileType = sourcecode.swift; path = ProductListCell.swift; sourceTree = "<group>"; };
		CEB5CA5125027F9E00137E48 /* ProductListCell.xib */ = {isa = PBXFileReference; lastKnownFileType = file.xib; path = ProductListCell.xib; sourceTree = "<group>"; };
		CEBBE01124FE755400190E91 /* MenuCell.swift */ = {isa = PBXFileReference; lastKnownFileType = sourcecode.swift; path = MenuCell.swift; sourceTree = "<group>"; };
		CEBBE01224FE755400190E91 /* MenuCell.xib */ = {isa = PBXFileReference; lastKnownFileType = file.xib; path = MenuCell.xib; sourceTree = "<group>"; };
		CEBE3292251CD6590082E67F /* ZMallVC.swift */ = {isa = PBXFileReference; lastKnownFileType = sourcecode.swift; path = ZMallVC.swift; sourceTree = "<group>"; };
		CEEB1E4E241A65410069104B /* SliderCLCell.swift */ = {isa = PBXFileReference; lastKnownFileType = sourcecode.swift; path = SliderCLCell.swift; sourceTree = "<group>"; };
		CEEB1E4F241A65410069104B /* SliderCLCell.xib */ = {isa = PBXFileReference; lastKnownFileType = file.xib; path = SliderCLCell.xib; sourceTree = "<group>"; };
		CEEB1E52241A66220069104B /* TablCLViewCell.swift */ = {isa = PBXFileReference; lastKnownFileType = sourcecode.swift; path = TablCLViewCell.swift; sourceTree = "<group>"; };
		CEEB1E53241A66220069104B /* TablCLViewCell.xib */ = {isa = PBXFileReference; lastKnownFileType = file.xib; path = TablCLViewCell.xib; sourceTree = "<group>"; };
		CEEC5070250F5DAE001A774C /* ChatCell.swift */ = {isa = PBXFileReference; lastKnownFileType = sourcecode.swift; path = ChatCell.swift; sourceTree = "<group>"; };
		CEEC5071250F5DAE001A774C /* ChatCell.xib */ = {isa = PBXFileReference; lastKnownFileType = file.xib; path = ChatCell.xib; sourceTree = "<group>"; };
		CEFBF1F024F90D4F003C1727 /* topRatedClView.swift */ = {isa = PBXFileReference; lastKnownFileType = sourcecode.swift; path = topRatedClView.swift; sourceTree = "<group>"; };
		CEFBF1F124F90D4F003C1727 /* topRatedClView.xib */ = {isa = PBXFileReference; lastKnownFileType = file.xib; path = topRatedClView.xib; sourceTree = "<group>"; };
		CEFBF1F424F90D65003C1727 /* topRatedCell.swift */ = {isa = PBXFileReference; lastKnownFileType = sourcecode.swift; path = topRatedCell.swift; sourceTree = "<group>"; };
		CEFBF1F524F90D65003C1727 /* topRatedCell.xib */ = {isa = PBXFileReference; lastKnownFileType = file.xib; path = topRatedCell.xib; sourceTree = "<group>"; };
/* End PBXFileReference section */

/* Begin PBXFrameworksBuildPhase section */
		CEAED9BD24092A4B0079C3C5 /* Frameworks */ = {
			isa = PBXFrameworksBuildPhase;
			buildActionMask = 2147483647;
			files = (
				F7279CB6D640ABF6AC6713BE /* Pods_zaraat.framework in Frameworks */,
			);
			runOnlyForDeploymentPostprocessing = 0;
		};
		CEAED9D624092A4E0079C3C5 /* Frameworks */ = {
			isa = PBXFrameworksBuildPhase;
			buildActionMask = 2147483647;
			files = (
			);
			runOnlyForDeploymentPostprocessing = 0;
		};
		CEAED9E124092A4E0079C3C5 /* Frameworks */ = {
			isa = PBXFrameworksBuildPhase;
			buildActionMask = 2147483647;
			files = (
			);
			runOnlyForDeploymentPostprocessing = 0;
		};
/* End PBXFrameworksBuildPhase section */

/* Begin PBXGroup section */
		4312A108243DADD00041FA82 /* CheckOut */ = {
			isa = PBXGroup;
			children = (
				4312A109243DADF20041FA82 /* CheckOutVC.swift */,
				4312A10B243DC4890041FA82 /* CheckOutCell.swift */,
				4312A10C243DC4890041FA82 /* CheckOutCell.xib */,
			);
			path = CheckOut;
			sourceTree = "<group>";
		};
		431AB763242DBD4A002346E7 /* Menu */ = {
			isa = PBXGroup;
			children = (
				431AB764242DBD5F002346E7 /* MenuVC.swift */,
				CEBBE01124FE755400190E91 /* MenuCell.swift */,
				CEBBE01224FE755400190E91 /* MenuCell.xib */,
			);
			path = Menu;
			sourceTree = "<group>";
		};
		437BD19F242C8D4E003C55C2 /* Product Detail */ = {
			isa = PBXGroup;
			children = (
				437BD1A0242C8D6B003C55C2 /* ProductDetailVC.swift */,
			);
			path = "Product Detail";
			sourceTree = "<group>";
		};
		43C1BBD6243B0F020089ED55 /* Cart */ = {
			isa = PBXGroup;
			children = (
				43C1BBD7243B0F210089ED55 /* CartVC.swift */,
				43C1BBD9243B0F3C0089ED55 /* CartCell.swift */,
				43C1BBDA243B0F3C0089ED55 /* CartCell.xib */,
			);
			path = Cart;
			sourceTree = "<group>";
		};
		C6EA6CFC39CD1F14D4CBC40F /* Pods */ = {
			isa = PBXGroup;
			children = (
				8530F165E031F68218795376 /* Pods-zaraat.debug.xcconfig */,
				83C9CFB6051A03AF819C6098 /* Pods-zaraat.release.xcconfig */,
			);
			path = Pods;
			sourceTree = "<group>";
		};
		CE0E2E05251A36B400D1D0B5 /* B2B */ = {
			isa = PBXGroup;
			children = (
				CEAC33B7251CC3CF002D2E9C /* B2BInquieries */,
				CEAC33B4251C7D20002D2E9C /* B2BProductDetail */,
				CE79765F251B5FA6009A9FC0 /* B2BSections */,
				CE79765A251B2FC0009A9FC0 /* B2BHome */,
				CE797645251B29D7009A9FC0 /* B2BPagers */,
			);
			path = B2B;
			sourceTree = "<group>";
		};
		CE3A92972418A8F20097B215 /* ShareData */ = {
			isa = PBXGroup;
			children = (
				CE3A92982418A90D0097B215 /* ShareData.swift */,
			);
			path = ShareData;
			sourceTree = "<group>";
		};
		CE4A56052510CADD0060156E /* EditProfile */ = {
			isa = PBXGroup;
			children = (
				CE4A56062510CAFB0060156E /* EditProfileVC.swift */,
				CE94EC702510DB5F00010DA0 /* ViewProfileVC.swift */,
			);
			path = EditProfile;
			sourceTree = "<group>";
		};
		CE4B88B2240CCD2100DB20FD /* Font */ = {
			isa = PBXGroup;
			children = (
				437BD167242C87BF003C55C2 /* Poppins-Black.otf */,
				437BD174242C87C9003C55C2 /* Poppins-BlackItalic.otf */,
				437BD16D242C87C4003C55C2 /* Poppins-Bold.otf */,
				437BD177242C87CC003C55C2 /* Poppins-Bold.ttf */,
				437BD168242C87C0003C55C2 /* Poppins-BoldItalic.otf */,
				437BD169242C87C1003C55C2 /* Poppins-ExtraBold.otf */,
				437BD172242C87C7003C55C2 /* Poppins-ExtraBoldItalic.otf */,
				437BD179242C87CD003C55C2 /* Poppins-ExtraLight.otf */,
				437BD16A242C87C1003C55C2 /* Poppins-ExtraLightItalic.otf */,
				437BD173242C87C8003C55C2 /* Poppins-Italic.otf */,
				437BD16B242C87C2003C55C2 /* Poppins-Light.otf */,
				437BD178242C87CD003C55C2 /* Poppins-Light.ttf */,
				437BD16F242C87C5003C55C2 /* Poppins-LightItalic.otf */,
				437BD175242C87CA003C55C2 /* Poppins-Medium.otf */,
				437BD171242C87C7003C55C2 /* Poppins-Medium.ttf */,
				437BD17D242C87D0003C55C2 /* Poppins-MediumItalic.otf */,
				437BD17C242C87D0003C55C2 /* Poppins-Regular.otf */,
				437BD16C242C87C3003C55C2 /* Poppins-Regular.ttf */,
				437BD17A242C87CE003C55C2 /* Poppins-SemiBold.otf */,
				437BD17B242C87CF003C55C2 /* Poppins-SemiBold.ttf */,
				437BD176242C87CB003C55C2 /* Poppins-SemiBoldItalic.otf */,
				437BD16E242C87C4003C55C2 /* Poppins-Thin.otf */,
				437BD170242C87C6003C55C2 /* Poppins-ThinItalic.otf */,
			);
			path = Font;
			sourceTree = "<group>";
		};
		CE4BBF392410C79E000DAAB4 /* Controllers */ = {
			isa = PBXGroup;
			children = (
				CEBE3291251CD41B0082E67F /* ZMall */,
				CE0E2E05251A36B400D1D0B5 /* B2B */,
				CE4FA3AD2511FEC600BA0FBE /* MyOrders */,
				CE78E1F42510ED7F005D6FD9 /* Support */,
				CE78E1F12510E4D8005D6FD9 /* Settings */,
				CE4A56052510CADD0060156E /* EditProfile */,
				437BD19F242C8D4E003C55C2 /* Product Detail */,
				CEB5CA4D25027F2100137E48 /* ProductList */,
				CE70E9CC24F8DA7A00FEEF5D /* Trends */,
				CE70E9CB24F8DA6D00FEEF5D /* Chat */,
				CE70E9CA24F8DA5500FEEF5D /* Category */,
				4312A108243DADD00041FA82 /* CheckOut */,
				43C1BBD6243B0F020089ED55 /* Cart */,
				CEEB1E4D241A53CF0069104B /* SliderAndTable */,
				431AB763242DBD4A002346E7 /* Menu */,
				CE4BBF3A2410C7B9000DAAB4 /* Home */,
				CEAED9F6240938040079C3C5 /* AuthPart */,
			);
			path = Controllers;
			sourceTree = "<group>";
		};
		CE4BBF3A2410C7B9000DAAB4 /* Home */ = {
			isa = PBXGroup;
			children = (
				CE70E9C124F8D4E500FEEF5D /* HomeSection */,
				CEDEB1E2241B5740001B5B88 /* PagerTabs */,
				CE4BBF3D2410CD2E000DAAB4 /* TabBarVC.swift */,
				CE4BBF3F2410CEF4000DAAB4 /* HomeVC.swift */,
				CE4BBF452410CF37000DAAB4 /* QuoteVC.swift */,
			);
			path = Home;
			sourceTree = "<group>";
		};
		CE4FA3AD2511FEC600BA0FBE /* MyOrders */ = {
			isa = PBXGroup;
			children = (
				CE4FA3B12512014C00BA0FBE /* OrderCell's */,
				CE4FA3B02512006E00BA0FBE /* OrderVC's */,
				CE4FA3AE2511FEF800BA0FBE /* MyOrdersTabVC.swift */,
			);
			path = MyOrders;
			sourceTree = "<group>";
		};
		CE4FA3B02512006E00BA0FBE /* OrderVC's */ = {
			isa = PBXGroup;
			children = (
				CE4FA3B22512016E00BA0FBE /* InprogressVC.swift */,
				CE4FA3B42512018A00BA0FBE /* ShipmentVC.swift */,
				CE4FA3B6251201A100BA0FBE /* RevievedVC.swift */,
				CE4FA3B8251201B200BA0FBE /* CompletedVC.swift */,
			);
			path = "OrderVC's";
			sourceTree = "<group>";
		};
		CE4FA3B12512014C00BA0FBE /* OrderCell's */ = {
			isa = PBXGroup;
			children = (
				CE4FA3BA2512023500BA0FBE /* InprogressCell.swift */,
				CE4FA3BB2512023500BA0FBE /* InprogressCell.xib */,
			);
			path = "OrderCell's";
			sourceTree = "<group>";
		};
		CE5145A8251DDC84001BE6AD /* ZMallSections */ = {
			isa = PBXGroup;
			children = (
				CE5145B0251DDED0001BE6AD /* ZMallAdd */,
				CE5145AF251DDEBC001BE6AD /* ZMallPartTwo */,
				CE5145AE251DDE9C001BE6AD /* ZMallPartOne */,
				CE5145A9251DDC99001BE6AD /* ZMallStores */,
			);
			path = ZMallSections;
			sourceTree = "<group>";
		};
		CE5145A9251DDC99001BE6AD /* ZMallStores */ = {
			isa = PBXGroup;
			children = (
				CE5145AA251DDDE2001BE6AD /* ZMallStoreForYouCell.swift */,
				CE5145AC251DDE0F001BE6AD /* ZMallClViewStoreForyouCell.swift */,
			);
			path = ZMallStores;
			sourceTree = "<group>";
		};
		CE5145AE251DDE9C001BE6AD /* ZMallPartOne */ = {
			isa = PBXGroup;
			children = (
				CE5145B1251DDF0C001BE6AD /* ZMallPartOneCell.swift */,
				CE5145B3251DDF2A001BE6AD /* ZMallClViewPartOneCell.swift */,
			);
			path = ZMallPartOne;
			sourceTree = "<group>";
		};
		CE5145AF251DDEBC001BE6AD /* ZMallPartTwo */ = {
			isa = PBXGroup;
			children = (
				CE5145B5251DDF45001BE6AD /* ZMallClViewPartTwoCell.swift */,
				CE5145B7251DDF6C001BE6AD /* ZMallPartTwoCell.swift */,
			);
			path = ZMallPartTwo;
			sourceTree = "<group>";
		};
		CE5145B0251DDED0001BE6AD /* ZMallAdd */ = {
			isa = PBXGroup;
			children = (
				CE5145B9251DDFB7001BE6AD /* ZMallAddCell.swift */,
			);
			path = ZMallAdd;
			sourceTree = "<group>";
		};
		CE5A78E72417B69000796126 /* StoryBoard_Iphone */ = {
			isa = PBXGroup;
			children = (
				CEAED9C924092A4B0079C3C5 /* Main.storyboard */,
			);
			path = StoryBoard_Iphone;
			sourceTree = "<group>";
		};
		CE5A78E82417B6AD00796126 /* StoryBoard_Ipad */ = {
			isa = PBXGroup;
			children = (
				CE5A78E92417B6ED00796126 /* Storyboard_Ipad.storyboard */,
			);
			path = StoryBoard_Ipad;
			sourceTree = "<group>";
		};
		CE70E9C124F8D4E500FEEF5D /* HomeSection */ = {
			isa = PBXGroup;
			children = (
				CE76D99724FD1F05005078D6 /* FeaturedProducts */,
				CE76D99224FD177F005078D6 /* Adds */,
				CE76D98924FD00C8005078D6 /* WeekLySeler */,
				CE76D98424FCDC88005078D6 /* AddsLifeStyle */,
				CEFBF1EF24F90D0E003C1727 /* TopRated */,
				CEFBF1EE24F90CF8003C1727 /* FlashSale */,
			);
			path = HomeSection;
			sourceTree = "<group>";
		};
		CE70E9CA24F8DA5500FEEF5D /* Category */ = {
			isa = PBXGroup;
			children = (
				CEB5CA402502569700137E48 /* SubCategories */,
				CE4BBF472410CF4F000DAAB4 /* CategoriesVC.swift */,
				CE7B6D192500FAE100DDDACE /* CategoriesCell.swift */,
				CE7B6D1A2500FAE100DDDACE /* CategoriesCell.xib */,
			);
			path = Category;
			sourceTree = "<group>";
		};
		CE70E9CB24F8DA6D00FEEF5D /* Chat */ = {
			isa = PBXGroup;
			children = (
				CE8C9DAC250F661500973CD1 /* ChatCells */,
				CE8C9DAA250F660B00973CD1 /* ChatVC.swift */,
				CE4BBF432410CF25000DAAB4 /* InboxVC.swift */,
				CEEC5070250F5DAE001A774C /* ChatCell.swift */,
				CEEC5071250F5DAE001A774C /* ChatCell.xib */,
			);
			path = Chat;
			sourceTree = "<group>";
		};
		CE70E9CC24F8DA7A00FEEF5D /* Trends */ = {
			isa = PBXGroup;
			children = (
				CE4BBF412410CF12000DAAB4 /* TrendsVC.swift */,
			);
			path = Trends;
			sourceTree = "<group>";
		};
		CE76D98424FCDC88005078D6 /* AddsLifeStyle */ = {
			isa = PBXGroup;
			children = (
				CE76D98524FCDCE7005078D6 /* LifeStyleCell.swift */,
			);
			path = AddsLifeStyle;
			sourceTree = "<group>";
		};
		CE76D98924FD00C8005078D6 /* WeekLySeler */ = {
			isa = PBXGroup;
			children = (
				CE76D98A24FD0162005078D6 /* WeeklySellerCell.swift */,
				CE76D98B24FD0162005078D6 /* WeeklySellerCell.xib */,
				CE76D98E24FD106D005078D6 /* WeeklyViewAll.swift */,
				CE76D98F24FD106D005078D6 /* WeeklyViewAll.xib */,
			);
			path = WeekLySeler;
			sourceTree = "<group>";
		};
		CE76D99224FD177F005078D6 /* Adds */ = {
			isa = PBXGroup;
			children = (
				CE76D99324FD17BE005078D6 /* AddsCell.swift */,
				CE76D99424FD17BE005078D6 /* AddsCell.xib */,
			);
			path = Adds;
			sourceTree = "<group>";
		};
		CE76D99724FD1F05005078D6 /* FeaturedProducts */ = {
			isa = PBXGroup;
			children = (
				CE76D99824FD1FB6005078D6 /* FeaturedProductsCell.swift */,
				CE76D99C24FD2139005078D6 /* FeaturedProductsClView.swift */,
			);
			path = FeaturedProducts;
			sourceTree = "<group>";
		};
		CE78E1F12510E4D8005D6FD9 /* Settings */ = {
			isa = PBXGroup;
			children = (
				CE78E1F22510E4EC005D6FD9 /* SettingsVC.swift */,
			);
			path = Settings;
			sourceTree = "<group>";
		};
		CE78E1F42510ED7F005D6FD9 /* Support */ = {
			isa = PBXGroup;
			children = (
				CE78E1F52510ED90005D6FD9 /* SupportVC.swift */,
			);
			path = Support;
			sourceTree = "<group>";
		};
		CE797645251B29D7009A9FC0 /* B2BPagers */ = {
			isa = PBXGroup;
			children = (
				CE797646251B29D7009A9FC0 /* B2BBasicCell.swift */,
				CE797647251B29D7009A9FC0 /* B2BMenuTabsView.swift */,
				CE797648251B29D7009A9FC0 /* B2BViewController.swift */,
				CE79764A251B29D7009A9FC0 /* B2BPageControllerVC.swift */,
			);
			path = B2BPagers;
			sourceTree = "<group>";
		};
		CE79765A251B2FC0009A9FC0 /* B2BHome */ = {
			isa = PBXGroup;
			children = (
				CE79765B251B2FDA009A9FC0 /* B2BHomeVC.swift */,
			);
			path = B2BHome;
			sourceTree = "<group>";
		};
		CE79765F251B5FA6009A9FC0 /* B2BSections */ = {
			isa = PBXGroup;
			children = (
				CE884BF7251B7A33003626C5 /* TwoSectionCells */,
				CE884BF2251B7989003626C5 /* OneSectionCells */,
				CE884BED251B68BA003626C5 /* ProductsShowcaseCells */,
				CE797660251B5FB5009A9FC0 /* OtherChannelsCell */,
			);
			path = B2BSections;
			sourceTree = "<group>";
		};
		CE797660251B5FB5009A9FC0 /* OtherChannelsCell */ = {
			isa = PBXGroup;
			children = (
				CE797661251B5FEE009A9FC0 /* ClviewOtherChenlsCell.swift */,
				CE797665251B6031009A9FC0 /* OtherChanelCell.swift */,
			);
			path = OtherChannelsCell;
			sourceTree = "<group>";
		};
		CE884BED251B68BA003626C5 /* ProductsShowcaseCells */ = {
			isa = PBXGroup;
			children = (
				CE884BEE251B68E4003626C5 /* ProductsShowcaseCell.swift */,
				CE884BF0251B68FC003626C5 /* ClViewProductsShowcase.swift */,
			);
			path = ProductsShowcaseCells;
			sourceTree = "<group>";
		};
		CE884BF2251B7989003626C5 /* OneSectionCells */ = {
			isa = PBXGroup;
			children = (
				CE884BF3251B79BF003626C5 /* clViewOneCell.swift */,
				CE884BF5251B79FB003626C5 /* OneCell.swift */,
			);
			path = OneSectionCells;
			sourceTree = "<group>";
		};
		CE884BF7251B7A33003626C5 /* TwoSectionCells */ = {
			isa = PBXGroup;
			children = (
				CE884BF8251B7A4A003626C5 /* TwoCell.swift */,
				CE884BFA251B7A5B003626C5 /* ClViewTwoCell.swift */,
			);
			path = TwoSectionCells;
			sourceTree = "<group>";
		};
		CE8C9DAC250F661500973CD1 /* ChatCells */ = {
			isa = PBXGroup;
			children = (
				CE8C9DAD250F661500973CD1 /* ReceiverImageCell.swift */,
				CE8C9DAE250F661500973CD1 /* SenderImageCell.swift */,
				CE8C9DAF250F661500973CD1 /* SenderTextCell.swift */,
				CE8C9DB0250F661500973CD1 /* RecieverTextCell.swift */,
			);
			path = ChatCells;
			sourceTree = "<group>";
		};
		CEAC33B4251C7D20002D2E9C /* B2BProductDetail */ = {
			isa = PBXGroup;
			children = (
				CEAC33B5251C7D49002D2E9C /* B2BProductDetailVC.swift */,
			);
			path = B2BProductDetail;
			sourceTree = "<group>";
		};
		CEAC33B7251CC3CF002D2E9C /* B2BInquieries */ = {
			isa = PBXGroup;
			children = (
				CEAC33B8251CC3F5002D2E9C /* B2BInquireisVC.swift */,
			);
			path = B2BInquieries;
			sourceTree = "<group>";
		};
		CEAED9B724092A4B0079C3C5 = {
			isa = PBXGroup;
			children = (
				CEAED9C224092A4B0079C3C5 /* zaraat */,
				CEAED9DC24092A4E0079C3C5 /* zaraatTests */,
				CEAED9E724092A4E0079C3C5 /* zaraatUITests */,
				CEAED9C124092A4B0079C3C5 /* Products */,
				C6EA6CFC39CD1F14D4CBC40F /* Pods */,
				F695A65D06ADAA836F682504 /* Frameworks */,
			);
			sourceTree = "<group>";
		};
		CEAED9C124092A4B0079C3C5 /* Products */ = {
			isa = PBXGroup;
			children = (
				CEAED9C024092A4B0079C3C5 /* zaraat.app */,
				CEAED9D924092A4E0079C3C5 /* zaraatTests.xctest */,
				CEAED9E424092A4E0079C3C5 /* zaraatUITests.xctest */,
			);
			name = Products;
			sourceTree = "<group>";
		};
		CEAED9C224092A4B0079C3C5 /* zaraat */ = {
			isa = PBXGroup;
			children = (
				CE3A92972418A8F20097B215 /* ShareData */,
				CE5A78E82417B6AD00796126 /* StoryBoard_Ipad */,
				CE5A78E72417B69000796126 /* StoryBoard_Iphone */,
				CE4B88B2240CCD2100DB20FD /* Font */,
				CEAED9F9240939260079C3C5 /* Extenssions */,
				CE4BBF392410C79E000DAAB4 /* Controllers */,
				CEAED9C324092A4B0079C3C5 /* AppDelegate.swift */,
				CEAED9C524092A4B0079C3C5 /* SceneDelegate.swift */,
				CEAED9CF24092A4E0079C3C5 /* Assets.xcassets */,
				CEAED9D124092A4E0079C3C5 /* LaunchScreen.storyboard */,
				CEAED9D424092A4E0079C3C5 /* Info.plist */,
				CEAED9CC24092A4B0079C3C5 /* zaraat.xcdatamodeld */,
			);
			path = zaraat;
			sourceTree = "<group>";
		};
		CEAED9DC24092A4E0079C3C5 /* zaraatTests */ = {
			isa = PBXGroup;
			children = (
				CEAED9DD24092A4E0079C3C5 /* zaraatTests.swift */,
				CEAED9DF24092A4E0079C3C5 /* Info.plist */,
			);
			path = zaraatTests;
			sourceTree = "<group>";
		};
		CEAED9E724092A4E0079C3C5 /* zaraatUITests */ = {
			isa = PBXGroup;
			children = (
				CEAED9E824092A4E0079C3C5 /* zaraatUITests.swift */,
				CEAED9EA24092A4E0079C3C5 /* Info.plist */,
			);
			path = zaraatUITests;
			sourceTree = "<group>";
		};
		CEAED9F6240938040079C3C5 /* AuthPart */ = {
			isa = PBXGroup;
			children = (
				CEAED9C724092A4B0079C3C5 /* SplashZaraatVC.swift */,
				CEAED9F7240938DD0079C3C5 /* LoginZaraatVC.swift */,
				CE4B88E1240D17B400DB20FD /* SignUpZaraatVC.swift */,
				CE6E694A240E1C82008730C0 /* ForgotPasswordZaraatVC.swift */,
				CE49D824240E5FE6009ECFD5 /* CodeVerificationZaraatVC.swift */,
				CE49D826240E7682009ECFD5 /* ChangePasswordZaraatVC.swift */,
				CE820E4E24CB0EA50003B78E /* RestPasswordZaraatVC.swift */,
			);
			path = AuthPart;
			sourceTree = "<group>";
		};
		CEAED9F9240939260079C3C5 /* Extenssions */ = {
			isa = PBXGroup;
			children = (
				CE57A60E24FF682F00DE9932 /* AppLanguage.swift */,
				CE57A60F24FF682F00DE9932 /* ZSideMenuManager.swift */,
				CEAED9FA240939380079C3C5 /* ZaraatExtenssions.swift */,
				CEAED9FC240939BC0079C3C5 /* ZaraatBaseVC.swift */,
				CE40BAC5240D225B0034C708 /* ZaraatZalert.swift */,
			);
			path = Extenssions;
			sourceTree = "<group>";
		};
		CEB5CA402502569700137E48 /* SubCategories */ = {
			isa = PBXGroup;
			children = (
				CEB5CA412502572A00137E48 /* SubcategoriesVC.swift */,
				CEB5CA4325025B8200137E48 /* SubcateGoriesCell.swift */,
				CEB5CA4425025B8200137E48 /* SubcateGoriesCell.xib */,
				CEB5CA4925025D5500137E48 /* SubCateCellTb.swift */,
				CEB5CA4A25025D5500137E48 /* SubCateCellTb.xib */,
			);
			path = SubCategories;
			sourceTree = "<group>";
		};
		CEB5CA4D25027F2100137E48 /* ProductList */ = {
			isa = PBXGroup;
			children = (
				CEB5CA4E25027F4600137E48 /* ProductListsVC.swift */,
				CEB5CA5025027F9E00137E48 /* ProductListCell.swift */,
				CEB5CA5125027F9E00137E48 /* ProductListCell.xib */,
				CE8C9DB5250F895800973CD1 /* ClViewCell.swift */,
			);
			path = ProductList;
			sourceTree = "<group>";
		};
		CEBE3291251CD41B0082E67F /* ZMall */ = {
			isa = PBXGroup;
			children = (
				CE5145A8251DDC84001BE6AD /* ZMallSections */,
				CEBE3292251CD6590082E67F /* ZMallVC.swift */,
			);
			path = ZMall;
			sourceTree = "<group>";
		};
		CEDEB1E2241B5740001B5B88 /* PagerTabs */ = {
			isa = PBXGroup;
			children = (
				437BD195242C8A2D003C55C2 /* BasicCell.swift */,
				437BD197242C8A2E003C55C2 /* Extensions.swift */,
				437BD196242C8A2E003C55C2 /* MenuTabsView.swift */,
				437BD198242C8A2F003C55C2 /* PageControllerVC.swift */,
				437BD199242C8A2F003C55C2 /* ViewController.swift */,
			);
			path = PagerTabs;
			sourceTree = "<group>";
		};
		CEEB1E4D241A53CF0069104B /* SliderAndTable */ = {
			isa = PBXGroup;
			children = (
				CEEB1E4E241A65410069104B /* SliderCLCell.swift */,
				CEEB1E4F241A65410069104B /* SliderCLCell.xib */,
				CEEB1E52241A66220069104B /* TablCLViewCell.swift */,
				CEEB1E53241A66220069104B /* TablCLViewCell.xib */,
			);
			path = SliderAndTable;
			sourceTree = "<group>";
		};
		CEFBF1EE24F90CF8003C1727 /* FlashSale */ = {
			isa = PBXGroup;
			children = (
				CE70E9C224F8D51500FEEF5D /* FlashSaleCell.swift */,
				CE70E9C324F8D51500FEEF5D /* FlashSaleCell.xib */,
				CE70E9C624F8DA1500FEEF5D /* FlashCellClView.swift */,
				CE70E9C724F8DA1500FEEF5D /* FlashCellClView.xib */,
			);
			path = FlashSale;
			sourceTree = "<group>";
		};
		CEFBF1EF24F90D0E003C1727 /* TopRated */ = {
			isa = PBXGroup;
			children = (
				CEFBF1F024F90D4F003C1727 /* topRatedClView.swift */,
				CEFBF1F124F90D4F003C1727 /* topRatedClView.xib */,
				CEFBF1F424F90D65003C1727 /* topRatedCell.swift */,
				CEFBF1F524F90D65003C1727 /* topRatedCell.xib */,
			);
			path = TopRated;
			sourceTree = "<group>";
		};
		F695A65D06ADAA836F682504 /* Frameworks */ = {
			isa = PBXGroup;
			children = (
				CC92B668E9DF10CCB85775E2 /* Pods_zaraat.framework */,
			);
			name = Frameworks;
			sourceTree = "<group>";
		};
/* End PBXGroup section */

/* Begin PBXNativeTarget section */
		CEAED9BF24092A4B0079C3C5 /* zaraat */ = {
			isa = PBXNativeTarget;
			buildConfigurationList = CEAED9ED24092A4E0079C3C5 /* Build configuration list for PBXNativeTarget "zaraat" */;
			buildPhases = (
				4F43AB35F0FC7015C9615364 /* [CP] Check Pods Manifest.lock */,
				CEAED9BC24092A4B0079C3C5 /* Sources */,
				CEAED9BD24092A4B0079C3C5 /* Frameworks */,
				CEAED9BE24092A4B0079C3C5 /* Resources */,
				A8B1755F51536F91A99F9C43 /* [CP] Embed Pods Frameworks */,
				A4179A27691A5C7046AB14D7 /* [CP] Copy Pods Resources */,
			);
			buildRules = (
			);
			dependencies = (
			);
			name = zaraat;
			productName = zaraat;
			productReference = CEAED9C024092A4B0079C3C5 /* zaraat.app */;
			productType = "com.apple.product-type.application";
		};
		CEAED9D824092A4E0079C3C5 /* zaraatTests */ = {
			isa = PBXNativeTarget;
			buildConfigurationList = CEAED9F024092A4E0079C3C5 /* Build configuration list for PBXNativeTarget "zaraatTests" */;
			buildPhases = (
				CEAED9D524092A4E0079C3C5 /* Sources */,
				CEAED9D624092A4E0079C3C5 /* Frameworks */,
				CEAED9D724092A4E0079C3C5 /* Resources */,
			);
			buildRules = (
			);
			dependencies = (
				CEAED9DB24092A4E0079C3C5 /* PBXTargetDependency */,
			);
			name = zaraatTests;
			productName = zaraatTests;
			productReference = CEAED9D924092A4E0079C3C5 /* zaraatTests.xctest */;
			productType = "com.apple.product-type.bundle.unit-test";
		};
		CEAED9E324092A4E0079C3C5 /* zaraatUITests */ = {
			isa = PBXNativeTarget;
			buildConfigurationList = CEAED9F324092A4E0079C3C5 /* Build configuration list for PBXNativeTarget "zaraatUITests" */;
			buildPhases = (
				CEAED9E024092A4E0079C3C5 /* Sources */,
				CEAED9E124092A4E0079C3C5 /* Frameworks */,
				CEAED9E224092A4E0079C3C5 /* Resources */,
			);
			buildRules = (
			);
			dependencies = (
				CEAED9E624092A4E0079C3C5 /* PBXTargetDependency */,
			);
			name = zaraatUITests;
			productName = zaraatUITests;
			productReference = CEAED9E424092A4E0079C3C5 /* zaraatUITests.xctest */;
			productType = "com.apple.product-type.bundle.ui-testing";
		};
/* End PBXNativeTarget section */

/* Begin PBXProject section */
		CEAED9B824092A4B0079C3C5 /* Project object */ = {
			isa = PBXProject;
			attributes = {
				LastSwiftUpdateCheck = 1130;
				LastUpgradeCheck = 1130;
				ORGANIZATIONNAME = User;
				TargetAttributes = {
					CEAED9BF24092A4B0079C3C5 = {
						CreatedOnToolsVersion = 11.3.1;
					};
					CEAED9D824092A4E0079C3C5 = {
						CreatedOnToolsVersion = 11.3.1;
						TestTargetID = CEAED9BF24092A4B0079C3C5;
					};
					CEAED9E324092A4E0079C3C5 = {
						CreatedOnToolsVersion = 11.3.1;
						TestTargetID = CEAED9BF24092A4B0079C3C5;
					};
				};
			};
			buildConfigurationList = CEAED9BB24092A4B0079C3C5 /* Build configuration list for PBXProject "zaraat" */;
			compatibilityVersion = "Xcode 9.3";
			developmentRegion = en;
			hasScannedForEncodings = 0;
			knownRegions = (
				en,
				Base,
			);
			mainGroup = CEAED9B724092A4B0079C3C5;
			productRefGroup = CEAED9C124092A4B0079C3C5 /* Products */;
			projectDirPath = "";
			projectRoot = "";
			targets = (
				CEAED9BF24092A4B0079C3C5 /* zaraat */,
				CEAED9D824092A4E0079C3C5 /* zaraatTests */,
				CEAED9E324092A4E0079C3C5 /* zaraatUITests */,
			);
		};
/* End PBXProject section */

/* Begin PBXResourcesBuildPhase section */
		CEAED9BE24092A4B0079C3C5 /* Resources */ = {
			isa = PBXResourcesBuildPhase;
			buildActionMask = 2147483647;
			files = (
				CEB5CA5325027F9E00137E48 /* ProductListCell.xib in Resources */,
				CE76D99124FD106D005078D6 /* WeeklyViewAll.xib in Resources */,
				CEAED9D324092A4E0079C3C5 /* LaunchScreen.storyboard in Resources */,
				CE76D98D24FD0162005078D6 /* WeeklySellerCell.xib in Resources */,
				CE5A78EA2417B6ED00796126 /* Storyboard_Ipad.storyboard in Resources */,
				CEEC5073250F5DAE001A774C /* ChatCell.xib in Resources */,
				437BD189242C87D0003C55C2 /* Poppins-ExtraBoldItalic.otf in Resources */,
				437BD18A242C87D0003C55C2 /* Poppins-Italic.otf in Resources */,
				CEAED9D024092A4E0079C3C5 /* Assets.xcassets in Resources */,
				CEB5CA4625025B8200137E48 /* SubcateGoriesCell.xib in Resources */,
				437BD18F242C87D0003C55C2 /* Poppins-Light.ttf in Resources */,
				437BD182242C87D0003C55C2 /* Poppins-Light.otf in Resources */,
				4312A10E243DC4890041FA82 /* CheckOutCell.xib in Resources */,
				437BD183242C87D0003C55C2 /* Poppins-Regular.ttf in Resources */,
				437BD184242C87D0003C55C2 /* Poppins-Bold.otf in Resources */,
				437BD192242C87D0003C55C2 /* Poppins-SemiBold.ttf in Resources */,
				437BD187242C87D0003C55C2 /* Poppins-ThinItalic.otf in Resources */,
				437BD181242C87D0003C55C2 /* Poppins-ExtraLightItalic.otf in Resources */,
				CEFBF1F724F90D65003C1727 /* topRatedCell.xib in Resources */,
				437BD186242C87D0003C55C2 /* Poppins-LightItalic.otf in Resources */,
				437BD18D242C87D0003C55C2 /* Poppins-SemiBoldItalic.otf in Resources */,
				437BD194242C87D0003C55C2 /* Poppins-MediumItalic.otf in Resources */,
				437BD185242C87D0003C55C2 /* Poppins-Thin.otf in Resources */,
				437BD193242C87D0003C55C2 /* Poppins-Regular.otf in Resources */,
				CEBBE01424FE755400190E91 /* MenuCell.xib in Resources */,
				CE4FA3BD2512023500BA0FBE /* InprogressCell.xib in Resources */,
				CEEB1E51241A65410069104B /* SliderCLCell.xib in Resources */,
				437BD17F242C87D0003C55C2 /* Poppins-BoldItalic.otf in Resources */,
				437BD17E242C87D0003C55C2 /* Poppins-Black.otf in Resources */,
				CE7B6D1C2500FAE100DDDACE /* CategoriesCell.xib in Resources */,
				CE70E9C524F8D51500FEEF5D /* FlashSaleCell.xib in Resources */,
				437BD18B242C87D0003C55C2 /* Poppins-BlackItalic.otf in Resources */,
				437BD18C242C87D0003C55C2 /* Poppins-Medium.otf in Resources */,
				437BD180242C87D0003C55C2 /* Poppins-ExtraBold.otf in Resources */,
				CE70E9C924F8DA1500FEEF5D /* FlashCellClView.xib in Resources */,
				437BD188242C87D0003C55C2 /* Poppins-Medium.ttf in Resources */,
				43C1BBDC243B0F3C0089ED55 /* CartCell.xib in Resources */,
				CEEB1E55241A66220069104B /* TablCLViewCell.xib in Resources */,
				CEAED9CB24092A4B0079C3C5 /* Main.storyboard in Resources */,
				CE76D99624FD17BE005078D6 /* AddsCell.xib in Resources */,
				437BD191242C87D0003C55C2 /* Poppins-SemiBold.otf in Resources */,
				437BD190242C87D0003C55C2 /* Poppins-ExtraLight.otf in Resources */,
				CEB5CA4C25025D5500137E48 /* SubCateCellTb.xib in Resources */,
				CEFBF1F324F90D4F003C1727 /* topRatedClView.xib in Resources */,
				437BD18E242C87D0003C55C2 /* Poppins-Bold.ttf in Resources */,
			);
			runOnlyForDeploymentPostprocessing = 0;
		};
		CEAED9D724092A4E0079C3C5 /* Resources */ = {
			isa = PBXResourcesBuildPhase;
			buildActionMask = 2147483647;
			files = (
			);
			runOnlyForDeploymentPostprocessing = 0;
		};
		CEAED9E224092A4E0079C3C5 /* Resources */ = {
			isa = PBXResourcesBuildPhase;
			buildActionMask = 2147483647;
			files = (
			);
			runOnlyForDeploymentPostprocessing = 0;
		};
/* End PBXResourcesBuildPhase section */

/* Begin PBXShellScriptBuildPhase section */
		4F43AB35F0FC7015C9615364 /* [CP] Check Pods Manifest.lock */ = {
			isa = PBXShellScriptBuildPhase;
			buildActionMask = 2147483647;
			files = (
			);
			inputFileListPaths = (
			);
			inputPaths = (
				"${PODS_PODFILE_DIR_PATH}/Podfile.lock",
				"${PODS_ROOT}/Manifest.lock",
			);
			name = "[CP] Check Pods Manifest.lock";
			outputFileListPaths = (
			);
			outputPaths = (
				"$(DERIVED_FILE_DIR)/Pods-zaraat-checkManifestLockResult.txt",
			);
			runOnlyForDeploymentPostprocessing = 0;
			shellPath = /bin/sh;
			shellScript = "diff \"${PODS_PODFILE_DIR_PATH}/Podfile.lock\" \"${PODS_ROOT}/Manifest.lock\" > /dev/null\nif [ $? != 0 ] ; then\n    # print error to STDERR\n    echo \"error: The sandbox is not in sync with the Podfile.lock. Run 'pod install' or update your CocoaPods installation.\" >&2\n    exit 1\nfi\n# This output is used by Xcode 'outputs' to avoid re-running this script phase.\necho \"SUCCESS\" > \"${SCRIPT_OUTPUT_FILE_0}\"\n";
			showEnvVarsInLog = 0;
		};
		A4179A27691A5C7046AB14D7 /* [CP] Copy Pods Resources */ = {
			isa = PBXShellScriptBuildPhase;
			buildActionMask = 2147483647;
			files = (
			);
			inputFileListPaths = (
				"${PODS_ROOT}/Target Support Files/Pods-zaraat/Pods-zaraat-resources-${CONFIGURATION}-input-files.xcfilelist",
			);
			name = "[CP] Copy Pods Resources";
			outputFileListPaths = (
				"${PODS_ROOT}/Target Support Files/Pods-zaraat/Pods-zaraat-resources-${CONFIGURATION}-output-files.xcfilelist",
			);
			runOnlyForDeploymentPostprocessing = 0;
			shellPath = /bin/sh;
			shellScript = "\"${PODS_ROOT}/Target Support Files/Pods-zaraat/Pods-zaraat-resources.sh\"\n";
			showEnvVarsInLog = 0;
		};
		A8B1755F51536F91A99F9C43 /* [CP] Embed Pods Frameworks */ = {
			isa = PBXShellScriptBuildPhase;
			buildActionMask = 2147483647;
			files = (
			);
			inputFileListPaths = (
				"${PODS_ROOT}/Target Support Files/Pods-zaraat/Pods-zaraat-frameworks-${CONFIGURATION}-input-files.xcfilelist",
			);
			name = "[CP] Embed Pods Frameworks";
			outputFileListPaths = (
				"${PODS_ROOT}/Target Support Files/Pods-zaraat/Pods-zaraat-frameworks-${CONFIGURATION}-output-files.xcfilelist",
			);
			runOnlyForDeploymentPostprocessing = 0;
			shellPath = /bin/sh;
			shellScript = "\"${PODS_ROOT}/Target Support Files/Pods-zaraat/Pods-zaraat-frameworks.sh\"\n";
			showEnvVarsInLog = 0;
		};
/* End PBXShellScriptBuildPhase section */

/* Begin PBXSourcesBuildPhase section */
		CEAED9BC24092A4B0079C3C5 /* Sources */ = {
			isa = PBXSourcesBuildPhase;
			buildActionMask = 2147483647;
			files = (
				CE4BBF3E2410CD2E000DAAB4 /* TabBarVC.swift in Sources */,
				CE70E9C424F8D51500FEEF5D /* FlashSaleCell.swift in Sources */,
				CE76D99E24FD2139005078D6 /* FeaturedProductsClView.swift in Sources */,
				437BD19E242C8A30003C55C2 /* ViewController.swift in Sources */,
				CE5145AB251DDDE2001BE6AD /* ZMallStoreForYouCell.swift in Sources */,
				CEEB1E50241A65410069104B /* SliderCLCell.swift in Sources */,
				CE8C9DB6250F895800973CD1 /* ClViewCell.swift in Sources */,
				CE4FA3B7251201A100BA0FBE /* RevievedVC.swift in Sources */,
				CE4FA3B52512018A00BA0FBE /* ShipmentVC.swift in Sources */,
				CE797657251B29D7009A9FC0 /* B2BPageControllerVC.swift in Sources */,
				CEB5CA4F25027F4600137E48 /* ProductListsVC.swift in Sources */,
				CE884BF6251B79FB003626C5 /* OneCell.swift in Sources */,
				CE4B88E2240D17B400DB20FD /* SignUpZaraatVC.swift in Sources */,
				CE5145B8251DDF6C001BE6AD /* ZMallPartTwoCell.swift in Sources */,
				CE4FA3B9251201B200BA0FBE /* CompletedVC.swift in Sources */,
				CE4BBF422410CF12000DAAB4 /* TrendsVC.swift in Sources */,
				CE884BF9251B7A4A003626C5 /* TwoCell.swift in Sources */,
				CE4FA3BC2512023500BA0FBE /* InprogressCell.swift in Sources */,
				CE884BFB251B7A5B003626C5 /* ClViewTwoCell.swift in Sources */,
				CE4FA3B32512016E00BA0FBE /* InprogressVC.swift in Sources */,
				CE57A61024FF682F00DE9932 /* AppLanguage.swift in Sources */,
				CE4A56072510CAFB0060156E /* EditProfileVC.swift in Sources */,
				437BD19A242C8A30003C55C2 /* BasicCell.swift in Sources */,
				CEB5CA422502572A00137E48 /* SubcategoriesVC.swift in Sources */,
				437BD19D242C8A30003C55C2 /* PageControllerVC.swift in Sources */,
				CEAED9C824092A4B0079C3C5 /* SplashZaraatVC.swift in Sources */,
				CEAED9FB240939380079C3C5 /* ZaraatExtenssions.swift in Sources */,
				CE79765C251B2FDA009A9FC0 /* B2BHomeVC.swift in Sources */,
				CE8C9DB1250F661500973CD1 /* ReceiverImageCell.swift in Sources */,
				4312A10D243DC4890041FA82 /* CheckOutCell.swift in Sources */,
				437BD19B242C8A30003C55C2 /* MenuTabsView.swift in Sources */,
				CEAC33B6251C7D49002D2E9C /* B2BProductDetailVC.swift in Sources */,
				CE4FA3AF2511FEF800BA0FBE /* MyOrdersTabVC.swift in Sources */,
				4312A10A243DADF20041FA82 /* CheckOutVC.swift in Sources */,
				437BD1A1242C8D6B003C55C2 /* ProductDetailVC.swift in Sources */,
				CE8C9DAB250F660B00973CD1 /* ChatVC.swift in Sources */,
				CE8C9DB3250F661500973CD1 /* SenderTextCell.swift in Sources */,
				CE5145AD251DDE0F001BE6AD /* ZMallClViewStoreForyouCell.swift in Sources */,
				CEAC33B9251CC3F5002D2E9C /* B2BInquireisVC.swift in Sources */,
				CEEB1E54241A66220069104B /* TablCLViewCell.swift in Sources */,
				43C1BBDB243B0F3C0089ED55 /* CartCell.swift in Sources */,
				CE797651251B29D7009A9FC0 /* B2BViewController.swift in Sources */,
				CE79764B251B29D7009A9FC0 /* B2BBasicCell.swift in Sources */,
				CEB5CA4525025B8200137E48 /* SubcateGoriesCell.swift in Sources */,
				CEB5CA5225027F9E00137E48 /* ProductListCell.swift in Sources */,
				CE8C9DB4250F661500973CD1 /* RecieverTextCell.swift in Sources */,
				CE49D825240E5FE7009ECFD5 /* CodeVerificationZaraatVC.swift in Sources */,
				CE884BEF251B68E4003626C5 /* ProductsShowcaseCell.swift in Sources */,
				CE94EC712510DB5F00010DA0 /* ViewProfileVC.swift in Sources */,
				CE70E9C824F8DA1500FEEF5D /* FlashCellClView.swift in Sources */,
				CE5145BA251DDFB8001BE6AD /* ZMallAddCell.swift in Sources */,
				CEBE3293251CD6590082E67F /* ZMallVC.swift in Sources */,
				CE884BF1251B68FC003626C5 /* ClViewProductsShowcase.swift in Sources */,
				CE797666251B6031009A9FC0 /* OtherChanelCell.swift in Sources */,
				CE76D99524FD17BE005078D6 /* AddsCell.swift in Sources */,
				CEFBF1F624F90D65003C1727 /* topRatedCell.swift in Sources */,
				CE76D99024FD106D005078D6 /* WeeklyViewAll.swift in Sources */,
				CEAED9C424092A4B0079C3C5 /* AppDelegate.swift in Sources */,
				431AB765242DBD5F002346E7 /* MenuVC.swift in Sources */,
				CE4BBF482410CF4F000DAAB4 /* CategoriesVC.swift in Sources */,
				CE820E4F24CB0EA50003B78E /* RestPasswordZaraatVC.swift in Sources */,
				CEB5CA4B25025D5500137E48 /* SubCateCellTb.swift in Sources */,
				CE4BBF402410CEF4000DAAB4 /* HomeVC.swift in Sources */,
				CE6E694B240E1C82008730C0 /* ForgotPasswordZaraatVC.swift in Sources */,
				CE78E1F62510ED90005D6FD9 /* SupportVC.swift in Sources */,
				CE3A92992418A90D0097B215 /* ShareData.swift in Sources */,
				CE5145B6251DDF45001BE6AD /* ZMallClViewPartTwoCell.swift in Sources */,
				CEAED9CE24092A4B0079C3C5 /* zaraat.xcdatamodeld in Sources */,
				CE76D98724FCDCE7005078D6 /* LifeStyleCell.swift in Sources */,
				CE5145B2251DDF0C001BE6AD /* ZMallPartOneCell.swift in Sources */,
				CEAED9C624092A4B0079C3C5 /* SceneDelegate.swift in Sources */,
				CEEC5072250F5DAE001A774C /* ChatCell.swift in Sources */,
				CE40BAC6240D225B0034C708 /* ZaraatZalert.swift in Sources */,
				CE7B6D1B2500FAE100DDDACE /* CategoriesCell.swift in Sources */,
				CE79764E251B29D7009A9FC0 /* B2BMenuTabsView.swift in Sources */,
				CE5145B4251DDF2A001BE6AD /* ZMallClViewPartOneCell.swift in Sources */,
				43C1BBD8243B0F210089ED55 /* CartVC.swift in Sources */,
				CE78E1F32510E4EC005D6FD9 /* SettingsVC.swift in Sources */,
				CE8C9DB2250F661500973CD1 /* SenderImageCell.swift in Sources */,
				CE76D99A24FD1FB6005078D6 /* FeaturedProductsCell.swift in Sources */,
				CE797662251B5FEE009A9FC0 /* ClviewOtherChenlsCell.swift in Sources */,
				CEAED9FD240939BC0079C3C5 /* ZaraatBaseVC.swift in Sources */,
				CE76D98C24FD0162005078D6 /* WeeklySellerCell.swift in Sources */,
				CE4BBF442410CF25000DAAB4 /* InboxVC.swift in Sources */,
				CEBBE01324FE755400190E91 /* MenuCell.swift in Sources */,
				CE884BF4251B79BF003626C5 /* clViewOneCell.swift in Sources */,
				CE57A61324FF682F00DE9932 /* ZSideMenuManager.swift in Sources */,
				CE4BBF462410CF37000DAAB4 /* QuoteVC.swift in Sources */,
				CEFBF1F224F90D4F003C1727 /* topRatedClView.swift in Sources */,
				CEAED9F8240938DD0079C3C5 /* LoginZaraatVC.swift in Sources */,
				437BD19C242C8A30003C55C2 /* Extensions.swift in Sources */,
				CE49D827240E7682009ECFD5 /* ChangePasswordZaraatVC.swift in Sources */,
			);
			runOnlyForDeploymentPostprocessing = 0;
		};
		CEAED9D524092A4E0079C3C5 /* Sources */ = {
			isa = PBXSourcesBuildPhase;
			buildActionMask = 2147483647;
			files = (
				CEAED9DE24092A4E0079C3C5 /* zaraatTests.swift in Sources */,
				CE797652251B29D7009A9FC0 /* B2BViewController.swift in Sources */,
				CE79765D251B2FDA009A9FC0 /* B2BHomeVC.swift in Sources */,
				CE79764C251B29D7009A9FC0 /* B2BBasicCell.swift in Sources */,
				CE57A61124FF682F00DE9932 /* AppLanguage.swift in Sources */,
				CE797667251B6031009A9FC0 /* OtherChanelCell.swift in Sources */,
				CE797658251B29D7009A9FC0 /* B2BPageControllerVC.swift in Sources */,
				CE57A61424FF682F00DE9932 /* ZSideMenuManager.swift in Sources */,
				CE797663251B5FEE009A9FC0 /* ClviewOtherChenlsCell.swift in Sources */,
				CE79764F251B29D7009A9FC0 /* B2BMenuTabsView.swift in Sources */,
			);
			runOnlyForDeploymentPostprocessing = 0;
		};
		CEAED9E024092A4E0079C3C5 /* Sources */ = {
			isa = PBXSourcesBuildPhase;
			buildActionMask = 2147483647;
			files = (
				CEAED9E924092A4E0079C3C5 /* zaraatUITests.swift in Sources */,
				CE797653251B29D7009A9FC0 /* B2BViewController.swift in Sources */,
				CE79765E251B2FDA009A9FC0 /* B2BHomeVC.swift in Sources */,
				CE79764D251B29D7009A9FC0 /* B2BBasicCell.swift in Sources */,
				CE57A61224FF682F00DE9932 /* AppLanguage.swift in Sources */,
				CE797668251B6031009A9FC0 /* OtherChanelCell.swift in Sources */,
				CE797659251B29D7009A9FC0 /* B2BPageControllerVC.swift in Sources */,
				CE57A61524FF682F00DE9932 /* ZSideMenuManager.swift in Sources */,
				CE797664251B5FEE009A9FC0 /* ClviewOtherChenlsCell.swift in Sources */,
				CE797650251B29D7009A9FC0 /* B2BMenuTabsView.swift in Sources */,
			);
			runOnlyForDeploymentPostprocessing = 0;
		};
/* End PBXSourcesBuildPhase section */

/* Begin PBXTargetDependency section */
		CEAED9DB24092A4E0079C3C5 /* PBXTargetDependency */ = {
			isa = PBXTargetDependency;
			target = CEAED9BF24092A4B0079C3C5 /* zaraat */;
			targetProxy = CEAED9DA24092A4E0079C3C5 /* PBXContainerItemProxy */;
		};
		CEAED9E624092A4E0079C3C5 /* PBXTargetDependency */ = {
			isa = PBXTargetDependency;
			target = CEAED9BF24092A4B0079C3C5 /* zaraat */;
			targetProxy = CEAED9E524092A4E0079C3C5 /* PBXContainerItemProxy */;
		};
/* End PBXTargetDependency section */

/* Begin PBXVariantGroup section */
		CEAED9C924092A4B0079C3C5 /* Main.storyboard */ = {
			isa = PBXVariantGroup;
			children = (
				CEAED9CA24092A4B0079C3C5 /* Base */,
			);
			name = Main.storyboard;
			sourceTree = "<group>";
		};
		CEAED9D124092A4E0079C3C5 /* LaunchScreen.storyboard */ = {
			isa = PBXVariantGroup;
			children = (
				CEAED9D224092A4E0079C3C5 /* Base */,
			);
			name = LaunchScreen.storyboard;
			sourceTree = "<group>";
		};
/* End PBXVariantGroup section */

/* Begin XCBuildConfiguration section */
		CEAED9EB24092A4E0079C3C5 /* Debug */ = {
			isa = XCBuildConfiguration;
			buildSettings = {
				ALWAYS_SEARCH_USER_PATHS = NO;
				CLANG_ANALYZER_NONNULL = YES;
				CLANG_ANALYZER_NUMBER_OBJECT_CONVERSION = YES_AGGRESSIVE;
				CLANG_CXX_LANGUAGE_STANDARD = "gnu++14";
				CLANG_CXX_LIBRARY = "libc++";
				CLANG_ENABLE_MODULES = YES;
				CLANG_ENABLE_OBJC_ARC = YES;
				CLANG_ENABLE_OBJC_WEAK = YES;
				CLANG_WARN_BLOCK_CAPTURE_AUTORELEASING = YES;
				CLANG_WARN_BOOL_CONVERSION = YES;
				CLANG_WARN_COMMA = YES;
				CLANG_WARN_CONSTANT_CONVERSION = YES;
				CLANG_WARN_DEPRECATED_OBJC_IMPLEMENTATIONS = YES;
				CLANG_WARN_DIRECT_OBJC_ISA_USAGE = YES_ERROR;
				CLANG_WARN_DOCUMENTATION_COMMENTS = YES;
				CLANG_WARN_EMPTY_BODY = YES;
				CLANG_WARN_ENUM_CONVERSION = YES;
				CLANG_WARN_INFINITE_RECURSION = YES;
				CLANG_WARN_INT_CONVERSION = YES;
				CLANG_WARN_NON_LITERAL_NULL_CONVERSION = YES;
				CLANG_WARN_OBJC_IMPLICIT_RETAIN_SELF = YES;
				CLANG_WARN_OBJC_LITERAL_CONVERSION = YES;
				CLANG_WARN_OBJC_ROOT_CLASS = YES_ERROR;
				CLANG_WARN_RANGE_LOOP_ANALYSIS = YES;
				CLANG_WARN_STRICT_PROTOTYPES = YES;
				CLANG_WARN_SUSPICIOUS_MOVE = YES;
				CLANG_WARN_UNGUARDED_AVAILABILITY = YES_AGGRESSIVE;
				CLANG_WARN_UNREACHABLE_CODE = YES;
				CLANG_WARN__DUPLICATE_METHOD_MATCH = YES;
				COPY_PHASE_STRIP = NO;
				DEBUG_INFORMATION_FORMAT = dwarf;
				ENABLE_STRICT_OBJC_MSGSEND = YES;
				ENABLE_TESTABILITY = YES;
				GCC_C_LANGUAGE_STANDARD = gnu11;
				GCC_DYNAMIC_NO_PIC = NO;
				GCC_NO_COMMON_BLOCKS = YES;
				GCC_OPTIMIZATION_LEVEL = 0;
				GCC_PREPROCESSOR_DEFINITIONS = (
					"DEBUG=1",
					"$(inherited)",
				);
				GCC_WARN_64_TO_32_BIT_CONVERSION = YES;
				GCC_WARN_ABOUT_RETURN_TYPE = YES_ERROR;
				GCC_WARN_UNDECLARED_SELECTOR = YES;
				GCC_WARN_UNINITIALIZED_AUTOS = YES_AGGRESSIVE;
				GCC_WARN_UNUSED_FUNCTION = YES;
				GCC_WARN_UNUSED_VARIABLE = YES;
				IPHONEOS_DEPLOYMENT_TARGET = 13.2;
				MTL_ENABLE_DEBUG_INFO = INCLUDE_SOURCE;
				MTL_FAST_MATH = YES;
				ONLY_ACTIVE_ARCH = YES;
				SDKROOT = iphoneos;
				SWIFT_ACTIVE_COMPILATION_CONDITIONS = DEBUG;
				SWIFT_OPTIMIZATION_LEVEL = "-Onone";
			};
			name = Debug;
		};
		CEAED9EC24092A4E0079C3C5 /* Release */ = {
			isa = XCBuildConfiguration;
			buildSettings = {
				ALWAYS_SEARCH_USER_PATHS = NO;
				CLANG_ANALYZER_NONNULL = YES;
				CLANG_ANALYZER_NUMBER_OBJECT_CONVERSION = YES_AGGRESSIVE;
				CLANG_CXX_LANGUAGE_STANDARD = "gnu++14";
				CLANG_CXX_LIBRARY = "libc++";
				CLANG_ENABLE_MODULES = YES;
				CLANG_ENABLE_OBJC_ARC = YES;
				CLANG_ENABLE_OBJC_WEAK = YES;
				CLANG_WARN_BLOCK_CAPTURE_AUTORELEASING = YES;
				CLANG_WARN_BOOL_CONVERSION = YES;
				CLANG_WARN_COMMA = YES;
				CLANG_WARN_CONSTANT_CONVERSION = YES;
				CLANG_WARN_DEPRECATED_OBJC_IMPLEMENTATIONS = YES;
				CLANG_WARN_DIRECT_OBJC_ISA_USAGE = YES_ERROR;
				CLANG_WARN_DOCUMENTATION_COMMENTS = YES;
				CLANG_WARN_EMPTY_BODY = YES;
				CLANG_WARN_ENUM_CONVERSION = YES;
				CLANG_WARN_INFINITE_RECURSION = YES;
				CLANG_WARN_INT_CONVERSION = YES;
				CLANG_WARN_NON_LITERAL_NULL_CONVERSION = YES;
				CLANG_WARN_OBJC_IMPLICIT_RETAIN_SELF = YES;
				CLANG_WARN_OBJC_LITERAL_CONVERSION = YES;
				CLANG_WARN_OBJC_ROOT_CLASS = YES_ERROR;
				CLANG_WARN_RANGE_LOOP_ANALYSIS = YES;
				CLANG_WARN_STRICT_PROTOTYPES = YES;
				CLANG_WARN_SUSPICIOUS_MOVE = YES;
				CLANG_WARN_UNGUARDED_AVAILABILITY = YES_AGGRESSIVE;
				CLANG_WARN_UNREACHABLE_CODE = YES;
				CLANG_WARN__DUPLICATE_METHOD_MATCH = YES;
				COPY_PHASE_STRIP = NO;
				DEBUG_INFORMATION_FORMAT = "dwarf-with-dsym";
				ENABLE_NS_ASSERTIONS = NO;
				ENABLE_STRICT_OBJC_MSGSEND = YES;
				GCC_C_LANGUAGE_STANDARD = gnu11;
				GCC_NO_COMMON_BLOCKS = YES;
				GCC_WARN_64_TO_32_BIT_CONVERSION = YES;
				GCC_WARN_ABOUT_RETURN_TYPE = YES_ERROR;
				GCC_WARN_UNDECLARED_SELECTOR = YES;
				GCC_WARN_UNINITIALIZED_AUTOS = YES_AGGRESSIVE;
				GCC_WARN_UNUSED_FUNCTION = YES;
				GCC_WARN_UNUSED_VARIABLE = YES;
				IPHONEOS_DEPLOYMENT_TARGET = 13.2;
				MTL_ENABLE_DEBUG_INFO = NO;
				MTL_FAST_MATH = YES;
				SDKROOT = iphoneos;
				SWIFT_COMPILATION_MODE = wholemodule;
				SWIFT_OPTIMIZATION_LEVEL = "-O";
				VALIDATE_PRODUCT = YES;
			};
			name = Release;
		};
		CEAED9EE24092A4E0079C3C5 /* Debug */ = {
			isa = XCBuildConfiguration;
			baseConfigurationReference = 8530F165E031F68218795376 /* Pods-zaraat.debug.xcconfig */;
			buildSettings = {
				ASSETCATALOG_COMPILER_APPICON_NAME = AppIcon;
				CODE_SIGN_IDENTITY = "Apple Development";
				CODE_SIGN_STYLE = Automatic;
				DEVELOPMENT_TEAM = CDPRJ86Z6R;
				INFOPLIST_FILE = zaraat/Info.plist;
				LD_RUNPATH_SEARCH_PATHS = (
					"$(inherited)",
					"@executable_path/Frameworks",
				);
				PRODUCT_BUNDLE_IDENTIFIER = com.Zaraat.ARW;
				PRODUCT_NAME = "$(TARGET_NAME)";
				PROVISIONING_PROFILE_SPECIFIER = "";
				SWIFT_VERSION = 5.0;
				TARGETED_DEVICE_FAMILY = 1;
			};
			name = Debug;
		};
		CEAED9EF24092A4E0079C3C5 /* Release */ = {
			isa = XCBuildConfiguration;
			baseConfigurationReference = 83C9CFB6051A03AF819C6098 /* Pods-zaraat.release.xcconfig */;
			buildSettings = {
				ASSETCATALOG_COMPILER_APPICON_NAME = AppIcon;
				CODE_SIGN_IDENTITY = "Apple Development";
				CODE_SIGN_STYLE = Automatic;
				DEVELOPMENT_TEAM = CDPRJ86Z6R;
				INFOPLIST_FILE = zaraat/Info.plist;
				LD_RUNPATH_SEARCH_PATHS = (
					"$(inherited)",
					"@executable_path/Frameworks",
				);
				PRODUCT_BUNDLE_IDENTIFIER = com.Zaraat.ARW;
				PRODUCT_NAME = "$(TARGET_NAME)";
				PROVISIONING_PROFILE_SPECIFIER = "";
				SWIFT_VERSION = 5.0;
				TARGETED_DEVICE_FAMILY = 1;
			};
			name = Release;
		};
		CEAED9F124092A4E0079C3C5 /* Debug */ = {
			isa = XCBuildConfiguration;
			buildSettings = {
				ALWAYS_EMBED_SWIFT_STANDARD_LIBRARIES = YES;
				BUNDLE_LOADER = "$(TEST_HOST)";
				CODE_SIGN_STYLE = Automatic;
				DEVELOPMENT_TEAM = 3C9CU5ST25;
				INFOPLIST_FILE = zaraatTests/Info.plist;
				IPHONEOS_DEPLOYMENT_TARGET = 13.2;
				LD_RUNPATH_SEARCH_PATHS = (
					"$(inherited)",
					"@executable_path/Frameworks",
					"@loader_path/Frameworks",
				);
				PRODUCT_BUNDLE_IDENTIFIER = ARW.zaraatTests;
				PRODUCT_NAME = "$(TARGET_NAME)";
				SWIFT_VERSION = 5.0;
				TARGETED_DEVICE_FAMILY = "1,2";
				TEST_HOST = "$(BUILT_PRODUCTS_DIR)/zaraat.app/zaraat";
			};
			name = Debug;
		};
		CEAED9F224092A4E0079C3C5 /* Release */ = {
			isa = XCBuildConfiguration;
			buildSettings = {
				ALWAYS_EMBED_SWIFT_STANDARD_LIBRARIES = YES;
				BUNDLE_LOADER = "$(TEST_HOST)";
				CODE_SIGN_STYLE = Automatic;
				DEVELOPMENT_TEAM = 3C9CU5ST25;
				INFOPLIST_FILE = zaraatTests/Info.plist;
				IPHONEOS_DEPLOYMENT_TARGET = 13.2;
				LD_RUNPATH_SEARCH_PATHS = (
					"$(inherited)",
					"@executable_path/Frameworks",
					"@loader_path/Frameworks",
				);
				PRODUCT_BUNDLE_IDENTIFIER = ARW.zaraatTests;
				PRODUCT_NAME = "$(TARGET_NAME)";
				SWIFT_VERSION = 5.0;
				TARGETED_DEVICE_FAMILY = "1,2";
				TEST_HOST = "$(BUILT_PRODUCTS_DIR)/zaraat.app/zaraat";
			};
			name = Release;
		};
		CEAED9F424092A4E0079C3C5 /* Debug */ = {
			isa = XCBuildConfiguration;
			buildSettings = {
				ALWAYS_EMBED_SWIFT_STANDARD_LIBRARIES = YES;
				CODE_SIGN_STYLE = Automatic;
				DEVELOPMENT_TEAM = 3C9CU5ST25;
				INFOPLIST_FILE = zaraatUITests/Info.plist;
				LD_RUNPATH_SEARCH_PATHS = (
					"$(inherited)",
					"@executable_path/Frameworks",
					"@loader_path/Frameworks",
				);
				PRODUCT_BUNDLE_IDENTIFIER = ARW.zaraatUITests;
				PRODUCT_NAME = "$(TARGET_NAME)";
				SWIFT_VERSION = 5.0;
				TARGETED_DEVICE_FAMILY = "1,2";
				TEST_TARGET_NAME = zaraat;
			};
			name = Debug;
		};
		CEAED9F524092A4E0079C3C5 /* Release */ = {
			isa = XCBuildConfiguration;
			buildSettings = {
				ALWAYS_EMBED_SWIFT_STANDARD_LIBRARIES = YES;
				CODE_SIGN_STYLE = Automatic;
				DEVELOPMENT_TEAM = 3C9CU5ST25;
				INFOPLIST_FILE = zaraatUITests/Info.plist;
				LD_RUNPATH_SEARCH_PATHS = (
					"$(inherited)",
					"@executable_path/Frameworks",
					"@loader_path/Frameworks",
				);
				PRODUCT_BUNDLE_IDENTIFIER = ARW.zaraatUITests;
				PRODUCT_NAME = "$(TARGET_NAME)";
				SWIFT_VERSION = 5.0;
				TARGETED_DEVICE_FAMILY = "1,2";
				TEST_TARGET_NAME = zaraat;
			};
			name = Release;
		};
/* End XCBuildConfiguration section */

/* Begin XCConfigurationList section */
		CEAED9BB24092A4B0079C3C5 /* Build configuration list for PBXProject "zaraat" */ = {
			isa = XCConfigurationList;
			buildConfigurations = (
				CEAED9EB24092A4E0079C3C5 /* Debug */,
				CEAED9EC24092A4E0079C3C5 /* Release */,
			);
			defaultConfigurationIsVisible = 0;
			defaultConfigurationName = Release;
		};
		CEAED9ED24092A4E0079C3C5 /* Build configuration list for PBXNativeTarget "zaraat" */ = {
			isa = XCConfigurationList;
			buildConfigurations = (
				CEAED9EE24092A4E0079C3C5 /* Debug */,
				CEAED9EF24092A4E0079C3C5 /* Release */,
			);
			defaultConfigurationIsVisible = 0;
			defaultConfigurationName = Release;
		};
		CEAED9F024092A4E0079C3C5 /* Build configuration list for PBXNativeTarget "zaraatTests" */ = {
			isa = XCConfigurationList;
			buildConfigurations = (
				CEAED9F124092A4E0079C3C5 /* Debug */,
				CEAED9F224092A4E0079C3C5 /* Release */,
			);
			defaultConfigurationIsVisible = 0;
			defaultConfigurationName = Release;
		};
		CEAED9F324092A4E0079C3C5 /* Build configuration list for PBXNativeTarget "zaraatUITests" */ = {
			isa = XCConfigurationList;
			buildConfigurations = (
				CEAED9F424092A4E0079C3C5 /* Debug */,
				CEAED9F524092A4E0079C3C5 /* Release */,
			);
			defaultConfigurationIsVisible = 0;
			defaultConfigurationName = Release;
		};
/* End XCConfigurationList section */

/* Begin XCVersionGroup section */
		CEAED9CC24092A4B0079C3C5 /* zaraat.xcdatamodeld */ = {
			isa = XCVersionGroup;
			children = (
				CEAED9CD24092A4B0079C3C5 /* zaraat.xcdatamodel */,
			);
			currentVersion = CEAED9CD24092A4B0079C3C5 /* zaraat.xcdatamodel */;
			path = zaraat.xcdatamodeld;
			sourceTree = "<group>";
			versionGroupType = wrapper.xcdatamodel;
		};
/* End XCVersionGroup section */
	};
	rootObject = CEAED9B824092A4B0079C3C5 /* Project object */;
}
